// !$*UTF8*$!
{
	archiveVersion = 1;
	classes = {
	};
	objectVersion = 50;
	objects = {

/* Begin PBXBuildFile section */
		0DB8DFBF3CAE2F6AC24B83A8 /* Pods_EUILayoutDemoTests.framework in Frameworks */ = {isa = PBXBuildFile; fileRef = 0A0E1BA40A0FB6019010A613 /* Pods_EUILayoutDemoTests.framework */; };
		16380FF197815A9D3F3B959E /* Pods_EUILayoutDemoUITests.framework in Frameworks */ = {isa = PBXBuildFile; fileRef = 4E32BCD7DA2E9C6B05CE483A /* Pods_EUILayoutDemoUITests.framework */; };
		914EA5141BBDB884A53B6D1B /* Pods_EUILayoutDemo.framework in Frameworks */ = {isa = PBXBuildFile; fileRef = 863E148CD689D85239C01AB5 /* Pods_EUILayoutDemo.framework */; };
		D53426D72174EED0006A7ECA /* EUINode+Filter.m in Sources */ = {isa = PBXBuildFile; fileRef = D53426D62174EED0006A7ECA /* EUINode+Filter.m */; };
		D53426DA2174F062006A7ECA /* EUIUtilities.m in Sources */ = {isa = PBXBuildFile; fileRef = D53426D92174F062006A7ECA /* EUIUtilities.m */; };
		D54756B1217053BA00C2D920 /* TestViewController2.m in Sources */ = {isa = PBXBuildFile; fileRef = D54756B0217053BA00C2D920 /* TestViewController2.m */; };
		D54756B82170763C00C2D920 /* TSInfoBaseView.m in Sources */ = {isa = PBXBuildFile; fileRef = D54756B72170763C00C2D920 /* TSInfoBaseView.m */; };
		D54756BA2170777400C2D920 /* icon_detail_g@3x.png in Resources */ = {isa = PBXBuildFile; fileRef = D54756B92170777400C2D920 /* icon_detail_g@3x.png */; };
		D54756C021707DA500C2D920 /* TSPOIInfoView.m in Sources */ = {isa = PBXBuildFile; fileRef = D54756BF21707DA500C2D920 /* TSPOIInfoView.m */; };
		D54756C321707DBE00C2D920 /* TSTimeInfoView.m in Sources */ = {isa = PBXBuildFile; fileRef = D54756C221707DBE00C2D920 /* TSTimeInfoView.m */; };
		D54756C921707E0C00C2D920 /* TSPNumInfoView.m in Sources */ = {isa = PBXBuildFile; fileRef = D54756C821707E0C00C2D920 /* TSPNumInfoView.m */; };
		D54756CC21707E2000C2D920 /* TSTipsInfoView.m in Sources */ = {isa = PBXBuildFile; fileRef = D54756CB21707E2000C2D920 /* TSTipsInfoView.m */; };
		D57CFCC5215A08DA002D137F /* AppDelegate.m in Sources */ = {isa = PBXBuildFile; fileRef = D57CFCC4215A08DA002D137F /* AppDelegate.m */; };
		D57CFCC8215A08DA002D137F /* ViewController.m in Sources */ = {isa = PBXBuildFile; fileRef = D57CFCC7215A08DA002D137F /* ViewController.m */; };
		D57CFCCB215A08DA002D137F /* Main.storyboard in Resources */ = {isa = PBXBuildFile; fileRef = D57CFCC9215A08DA002D137F /* Main.storyboard */; };
		D57CFCCD215A08DB002D137F /* Assets.xcassets in Resources */ = {isa = PBXBuildFile; fileRef = D57CFCCC215A08DB002D137F /* Assets.xcassets */; };
		D57CFCD0215A08DB002D137F /* LaunchScreen.storyboard in Resources */ = {isa = PBXBuildFile; fileRef = D57CFCCE215A08DB002D137F /* LaunchScreen.storyboard */; };
		D57CFCD3215A08DB002D137F /* main.m in Sources */ = {isa = PBXBuildFile; fileRef = D57CFCD2215A08DB002D137F /* main.m */; };
		D57CFCDD215A08DB002D137F /* EUILayoutDemoTests.m in Sources */ = {isa = PBXBuildFile; fileRef = D57CFCDC215A08DB002D137F /* EUILayoutDemoTests.m */; };
		D57CFCE8215A08DB002D137F /* EUILayoutDemoUITests.m in Sources */ = {isa = PBXBuildFile; fileRef = D57CFCE7215A08DB002D137F /* EUILayoutDemoUITests.m */; };
		D59D8B5121745B8000651060 /* EUIParser.m in Sources */ = {isa = PBXBuildFile; fileRef = D59D8B5021745B8000651060 /* EUIParser.m */; };
		D59D8B632175C39400651060 /* TestLabel.m in Sources */ = {isa = PBXBuildFile; fileRef = D59D8B622175C39400651060 /* TestLabel.m */; };
		D59D8B662175DED800651060 /* TestButton.m in Sources */ = {isa = PBXBuildFile; fileRef = D59D8B652175DED800651060 /* TestButton.m */; };
		D5A8D630215F28B200EE881E /* EUIEdge.m in Sources */ = {isa = PBXBuildFile; fileRef = D5A8D62F215F28B200EE881E /* EUIEdge.m */; };
		D5D852A4215A0A4F007D9CFF /* EUILayout.m in Sources */ = {isa = PBXBuildFile; fileRef = D5D852A3215A0A4F007D9CFF /* EUILayout.m */; };
		D5D852A8215A0A92007D9CFF /* EUINode.m in Sources */ = {isa = PBXBuildFile; fileRef = D5D852A7215A0A92007D9CFF /* EUINode.m */; };
		D5D852AB215A0AAA007D9CFF /* EUITemplet.m in Sources */ = {isa = PBXBuildFile; fileRef = D5D852AA215A0AAA007D9CFF /* EUITemplet.m */; };
		D5D852AE215A0ABE007D9CFF /* EUIColumnTemplet.m in Sources */ = {isa = PBXBuildFile; fileRef = D5D852AD215A0ABE007D9CFF /* EUIColumnTemplet.m */; };
		D5D852B1215A0ACF007D9CFF /* EUIRowTemplet.m in Sources */ = {isa = PBXBuildFile; fileRef = D5D852B0215A0ACF007D9CFF /* EUIRowTemplet.m */; };
		D5D852B7215A0B53007D9CFF /* UIView+EUILayout.m in Sources */ = {isa = PBXBuildFile; fileRef = D5D852B6215A0B53007D9CFF /* UIView+EUILayout.m */; };
		D5D852BB215A17B3007D9CFF /* TestViewController1.m in Sources */ = {isa = PBXBuildFile; fileRef = D5D852BA215A17B3007D9CFF /* TestViewController1.m */; };
		D5D852BE215A1843007D9CFF /* BaseTestViewController.m in Sources */ = {isa = PBXBuildFile; fileRef = D5D852BD215A1843007D9CFF /* BaseTestViewController.m */; };
		D5DE6C22215A1D47002ACBAF /* TestFactory.m in Sources */ = {isa = PBXBuildFile; fileRef = D5DE6C21215A1D47002ACBAF /* TestFactory.m */; };
		D5DE6C28215A240E002ACBAF /* TestListViewController.m in Sources */ = {isa = PBXBuildFile; fileRef = D5DE6C27215A240E002ACBAF /* TestListViewController.m */; };
		D5DE6C2C215A243F002ACBAF /* TestOrderViewController.m in Sources */ = {isa = PBXBuildFile; fileRef = D5DE6C2B215A243F002ACBAF /* TestOrderViewController.m */; };
		D5DE6C34215A2E0E002ACBAF /* TestTEasyViewController.m in Sources */ = {isa = PBXBuildFile; fileRef = D5DE6C33215A2E0E002ACBAF /* TestTEasyViewController.m */; };
		D5DE6C38215A385D002ACBAF /* TestTRowViewController.m in Sources */ = {isa = PBXBuildFile; fileRef = D5DE6C37215A385D002ACBAF /* TestTRowViewController.m */; };
/* End PBXBuildFile section */

/* Begin PBXContainerItemProxy section */
		D57CFCD9215A08DB002D137F /* PBXContainerItemProxy */ = {
			isa = PBXContainerItemProxy;
			containerPortal = D57CFCB8215A08DA002D137F /* Project object */;
			proxyType = 1;
			remoteGlobalIDString = D57CFCBF215A08DA002D137F;
			remoteInfo = EUILayoutDemo;
		};
		D57CFCE4215A08DB002D137F /* PBXContainerItemProxy */ = {
			isa = PBXContainerItemProxy;
			containerPortal = D57CFCB8215A08DA002D137F /* Project object */;
			proxyType = 1;
			remoteGlobalIDString = D57CFCBF215A08DA002D137F;
			remoteInfo = EUILayoutDemo;
		};
/* End PBXContainerItemProxy section */

/* Begin PBXFileReference section */
		036D07C726659EB59FC3B5BC /* Pods-EUILayoutDemoUITests.release.xcconfig */ = {isa = PBXFileReference; includeInIndex = 1; lastKnownFileType = text.xcconfig; name = "Pods-EUILayoutDemoUITests.release.xcconfig"; path = "Pods/Target Support Files/Pods-EUILayoutDemoUITests/Pods-EUILayoutDemoUITests.release.xcconfig"; sourceTree = "<group>"; };
		0A0E1BA40A0FB6019010A613 /* Pods_EUILayoutDemoTests.framework */ = {isa = PBXFileReference; explicitFileType = wrapper.framework; includeInIndex = 0; path = Pods_EUILayoutDemoTests.framework; sourceTree = BUILT_PRODUCTS_DIR; };
		3F2C45FA3A9BFA48801D32A6 /* Pods-EUILayoutDemoTests.release.xcconfig */ = {isa = PBXFileReference; includeInIndex = 1; lastKnownFileType = text.xcconfig; name = "Pods-EUILayoutDemoTests.release.xcconfig"; path = "Pods/Target Support Files/Pods-EUILayoutDemoTests/Pods-EUILayoutDemoTests.release.xcconfig"; sourceTree = "<group>"; };
		4E32BCD7DA2E9C6B05CE483A /* Pods_EUILayoutDemoUITests.framework */ = {isa = PBXFileReference; explicitFileType = wrapper.framework; includeInIndex = 0; path = Pods_EUILayoutDemoUITests.framework; sourceTree = BUILT_PRODUCTS_DIR; };
		7DC1EDA8C45F3D400229B33B /* Pods-EUILayoutDemo.debug.xcconfig */ = {isa = PBXFileReference; includeInIndex = 1; lastKnownFileType = text.xcconfig; name = "Pods-EUILayoutDemo.debug.xcconfig"; path = "Pods/Target Support Files/Pods-EUILayoutDemo/Pods-EUILayoutDemo.debug.xcconfig"; sourceTree = "<group>"; };
		863E148CD689D85239C01AB5 /* Pods_EUILayoutDemo.framework */ = {isa = PBXFileReference; explicitFileType = wrapper.framework; includeInIndex = 0; path = Pods_EUILayoutDemo.framework; sourceTree = BUILT_PRODUCTS_DIR; };
		AD92E2E40A0AEABBC8C7212D /* Pods-EUILayoutDemoUITests.debug.xcconfig */ = {isa = PBXFileReference; includeInIndex = 1; lastKnownFileType = text.xcconfig; name = "Pods-EUILayoutDemoUITests.debug.xcconfig"; path = "Pods/Target Support Files/Pods-EUILayoutDemoUITests/Pods-EUILayoutDemoUITests.debug.xcconfig"; sourceTree = "<group>"; };
		AEEDAD7ECA1C639AE61742CF /* Pods-EUILayoutDemo.release.xcconfig */ = {isa = PBXFileReference; includeInIndex = 1; lastKnownFileType = text.xcconfig; name = "Pods-EUILayoutDemo.release.xcconfig"; path = "Pods/Target Support Files/Pods-EUILayoutDemo/Pods-EUILayoutDemo.release.xcconfig"; sourceTree = "<group>"; };
		D51E7B1AAA716A5C15048894 /* Pods-EUILayoutDemoTests.debug.xcconfig */ = {isa = PBXFileReference; includeInIndex = 1; lastKnownFileType = text.xcconfig; name = "Pods-EUILayoutDemoTests.debug.xcconfig"; path = "Pods/Target Support Files/Pods-EUILayoutDemoTests/Pods-EUILayoutDemoTests.debug.xcconfig"; sourceTree = "<group>"; };
		D53426D52174EED0006A7ECA /* EUINode+Filter.h */ = {isa = PBXFileReference; lastKnownFileType = sourcecode.c.h; path = "EUINode+Filter.h"; sourceTree = "<group>"; };
		D53426D62174EED0006A7ECA /* EUINode+Filter.m */ = {isa = PBXFileReference; lastKnownFileType = sourcecode.c.objc; path = "EUINode+Filter.m"; sourceTree = "<group>"; };
		D53426D92174F062006A7ECA /* EUIUtilities.m */ = {isa = PBXFileReference; lastKnownFileType = sourcecode.c.objc; path = EUIUtilities.m; sourceTree = "<group>"; };
		D5379416216F010D0071E624 /* EUIUtilities.h */ = {isa = PBXFileReference; lastKnownFileType = sourcecode.c.h; path = EUIUtilities.h; sourceTree = "<group>"; };
		D54756AF217053BA00C2D920 /* TestViewController2.h */ = {isa = PBXFileReference; lastKnownFileType = sourcecode.c.h; path = TestViewController2.h; sourceTree = "<group>"; };
		D54756B0217053BA00C2D920 /* TestViewController2.m */ = {isa = PBXFileReference; lastKnownFileType = sourcecode.c.objc; path = TestViewController2.m; sourceTree = "<group>"; };
		D54756B62170763C00C2D920 /* TSInfoBaseView.h */ = {isa = PBXFileReference; lastKnownFileType = sourcecode.c.h; path = TSInfoBaseView.h; sourceTree = "<group>"; };
		D54756B72170763C00C2D920 /* TSInfoBaseView.m */ = {isa = PBXFileReference; lastKnownFileType = sourcecode.c.objc; path = TSInfoBaseView.m; sourceTree = "<group>"; };
		D54756B92170777400C2D920 /* icon_detail_g@3x.png */ = {isa = PBXFileReference; lastKnownFileType = image.png; path = "icon_detail_g@3x.png"; sourceTree = "<group>"; };
		D54756BE21707DA500C2D920 /* TSPOIInfoView.h */ = {isa = PBXFileReference; lastKnownFileType = sourcecode.c.h; path = TSPOIInfoView.h; sourceTree = "<group>"; };
		D54756BF21707DA500C2D920 /* TSPOIInfoView.m */ = {isa = PBXFileReference; lastKnownFileType = sourcecode.c.objc; path = TSPOIInfoView.m; sourceTree = "<group>"; };
		D54756C121707DBE00C2D920 /* TSTimeInfoView.h */ = {isa = PBXFileReference; lastKnownFileType = sourcecode.c.h; path = TSTimeInfoView.h; sourceTree = "<group>"; };
		D54756C221707DBE00C2D920 /* TSTimeInfoView.m */ = {isa = PBXFileReference; lastKnownFileType = sourcecode.c.objc; path = TSTimeInfoView.m; sourceTree = "<group>"; };
		D54756C721707E0C00C2D920 /* TSPNumInfoView.h */ = {isa = PBXFileReference; lastKnownFileType = sourcecode.c.h; path = TSPNumInfoView.h; sourceTree = "<group>"; };
		D54756C821707E0C00C2D920 /* TSPNumInfoView.m */ = {isa = PBXFileReference; lastKnownFileType = sourcecode.c.objc; path = TSPNumInfoView.m; sourceTree = "<group>"; };
		D54756CA21707E2000C2D920 /* TSTipsInfoView.h */ = {isa = PBXFileReference; lastKnownFileType = sourcecode.c.h; path = TSTipsInfoView.h; sourceTree = "<group>"; };
		D54756CB21707E2000C2D920 /* TSTipsInfoView.m */ = {isa = PBXFileReference; lastKnownFileType = sourcecode.c.objc; path = TSTipsInfoView.m; sourceTree = "<group>"; };
		D57CFCC0215A08DA002D137F /* EUILayoutDemo.app */ = {isa = PBXFileReference; explicitFileType = wrapper.application; includeInIndex = 0; path = EUILayoutDemo.app; sourceTree = BUILT_PRODUCTS_DIR; };
		D57CFCC3215A08DA002D137F /* AppDelegate.h */ = {isa = PBXFileReference; lastKnownFileType = sourcecode.c.h; path = AppDelegate.h; sourceTree = "<group>"; };
		D57CFCC4215A08DA002D137F /* AppDelegate.m */ = {isa = PBXFileReference; lastKnownFileType = sourcecode.c.objc; path = AppDelegate.m; sourceTree = "<group>"; };
		D57CFCC6215A08DA002D137F /* ViewController.h */ = {isa = PBXFileReference; lastKnownFileType = sourcecode.c.h; path = ViewController.h; sourceTree = "<group>"; };
		D57CFCC7215A08DA002D137F /* ViewController.m */ = {isa = PBXFileReference; lastKnownFileType = sourcecode.c.objc; path = ViewController.m; sourceTree = "<group>"; };
		D57CFCCA215A08DA002D137F /* Base */ = {isa = PBXFileReference; lastKnownFileType = file.storyboard; name = Base; path = Base.lproj/Main.storyboard; sourceTree = "<group>"; };
		D57CFCCC215A08DB002D137F /* Assets.xcassets */ = {isa = PBXFileReference; lastKnownFileType = folder.assetcatalog; path = Assets.xcassets; sourceTree = "<group>"; };
		D57CFCCF215A08DB002D137F /* Base */ = {isa = PBXFileReference; lastKnownFileType = file.storyboard; name = Base; path = Base.lproj/LaunchScreen.storyboard; sourceTree = "<group>"; };
		D57CFCD1215A08DB002D137F /* Info.plist */ = {isa = PBXFileReference; lastKnownFileType = text.plist.xml; path = Info.plist; sourceTree = "<group>"; };
		D57CFCD2215A08DB002D137F /* main.m */ = {isa = PBXFileReference; lastKnownFileType = sourcecode.c.objc; path = main.m; sourceTree = "<group>"; };
		D57CFCD8215A08DB002D137F /* EUILayoutDemoTests.xctest */ = {isa = PBXFileReference; explicitFileType = wrapper.cfbundle; includeInIndex = 0; path = EUILayoutDemoTests.xctest; sourceTree = BUILT_PRODUCTS_DIR; };
		D57CFCDC215A08DB002D137F /* EUILayoutDemoTests.m */ = {isa = PBXFileReference; lastKnownFileType = sourcecode.c.objc; path = EUILayoutDemoTests.m; sourceTree = "<group>"; };
		D57CFCDE215A08DB002D137F /* Info.plist */ = {isa = PBXFileReference; lastKnownFileType = text.plist.xml; path = Info.plist; sourceTree = "<group>"; };
		D57CFCE3215A08DB002D137F /* EUILayoutDemoUITests.xctest */ = {isa = PBXFileReference; explicitFileType = wrapper.cfbundle; includeInIndex = 0; path = EUILayoutDemoUITests.xctest; sourceTree = BUILT_PRODUCTS_DIR; };
		D57CFCE7215A08DB002D137F /* EUILayoutDemoUITests.m */ = {isa = PBXFileReference; lastKnownFileType = sourcecode.c.objc; path = EUILayoutDemoUITests.m; sourceTree = "<group>"; };
		D57CFCE9215A08DB002D137F /* Info.plist */ = {isa = PBXFileReference; lastKnownFileType = text.plist.xml; path = Info.plist; sourceTree = "<group>"; };
		D59D8B4F21745B8000651060 /* EUIParser.h */ = {isa = PBXFileReference; lastKnownFileType = sourcecode.c.h; path = EUIParser.h; sourceTree = "<group>"; };
		D59D8B5021745B8000651060 /* EUIParser.m */ = {isa = PBXFileReference; lastKnownFileType = sourcecode.c.objc; path = EUIParser.m; sourceTree = "<group>"; };
		D59D8B5F2174BA4B00651060 /* EUIParsing.h */ = {isa = PBXFileReference; lastKnownFileType = sourcecode.c.h; path = EUIParsing.h; sourceTree = "<group>"; };
		D59D8B612175C39400651060 /* TestLabel.h */ = {isa = PBXFileReference; lastKnownFileType = sourcecode.c.h; path = TestLabel.h; sourceTree = "<group>"; };
		D59D8B622175C39400651060 /* TestLabel.m */ = {isa = PBXFileReference; lastKnownFileType = sourcecode.c.objc; path = TestLabel.m; sourceTree = "<group>"; };
		D59D8B642175DED800651060 /* TestButton.h */ = {isa = PBXFileReference; lastKnownFileType = sourcecode.c.h; path = TestButton.h; sourceTree = "<group>"; };
		D59D8B652175DED800651060 /* TestButton.m */ = {isa = PBXFileReference; lastKnownFileType = sourcecode.c.objc; path = TestButton.m; sourceTree = "<group>"; };
		D5A8D62E215F28B200EE881E /* EUIEdge.h */ = {isa = PBXFileReference; lastKnownFileType = sourcecode.c.h; path = EUIEdge.h; sourceTree = "<group>"; };
		D5A8D62F215F28B200EE881E /* EUIEdge.m */ = {isa = PBXFileReference; lastKnownFileType = sourcecode.c.objc; path = EUIEdge.m; sourceTree = "<group>"; };
		D5D852A2215A0A4F007D9CFF /* EUILayout.h */ = {isa = PBXFileReference; lastKnownFileType = sourcecode.c.h; path = EUILayout.h; sourceTree = "<group>"; };
		D5D852A3215A0A4F007D9CFF /* EUILayout.m */ = {isa = PBXFileReference; lastKnownFileType = sourcecode.c.objc; path = EUILayout.m; sourceTree = "<group>"; };
		D5D852A6215A0A92007D9CFF /* EUINode.h */ = {isa = PBXFileReference; lastKnownFileType = sourcecode.c.h; path = EUINode.h; sourceTree = "<group>"; };
		D5D852A7215A0A92007D9CFF /* EUINode.m */ = {isa = PBXFileReference; lastKnownFileType = sourcecode.c.objc; path = EUINode.m; sourceTree = "<group>"; };
		D5D852A9215A0AAA007D9CFF /* EUITemplet.h */ = {isa = PBXFileReference; lastKnownFileType = sourcecode.c.h; path = EUITemplet.h; sourceTree = "<group>"; };
		D5D852AA215A0AAA007D9CFF /* EUITemplet.m */ = {isa = PBXFileReference; lastKnownFileType = sourcecode.c.objc; path = EUITemplet.m; sourceTree = "<group>"; };
		D5D852AC215A0ABE007D9CFF /* EUIColumnTemplet.h */ = {isa = PBXFileReference; lastKnownFileType = sourcecode.c.h; path = EUIColumnTemplet.h; sourceTree = "<group>"; };
		D5D852AD215A0ABE007D9CFF /* EUIColumnTemplet.m */ = {isa = PBXFileReference; lastKnownFileType = sourcecode.c.objc; path = EUIColumnTemplet.m; sourceTree = "<group>"; };
		D5D852AF215A0ACF007D9CFF /* EUIRowTemplet.h */ = {isa = PBXFileReference; lastKnownFileType = sourcecode.c.h; path = EUIRowTemplet.h; sourceTree = "<group>"; };
		D5D852B0215A0ACF007D9CFF /* EUIRowTemplet.m */ = {isa = PBXFileReference; lastKnownFileType = sourcecode.c.objc; path = EUIRowTemplet.m; sourceTree = "<group>"; };
		D5D852B3215A0AED007D9CFF /* EUILayoutMacro.h */ = {isa = PBXFileReference; lastKnownFileType = sourcecode.c.h; path = EUILayoutMacro.h; sourceTree = "<group>"; };
		D5D852B5215A0B53007D9CFF /* UIView+EUILayout.h */ = {isa = PBXFileReference; lastKnownFileType = sourcecode.c.h; path = "UIView+EUILayout.h"; sourceTree = "<group>"; };
		D5D852B6215A0B53007D9CFF /* UIView+EUILayout.m */ = {isa = PBXFileReference; lastKnownFileType = sourcecode.c.objc; path = "UIView+EUILayout.m"; sourceTree = "<group>"; };
		D5D852B9215A17B3007D9CFF /* TestViewController1.h */ = {isa = PBXFileReference; lastKnownFileType = sourcecode.c.h; path = TestViewController1.h; sourceTree = "<group>"; };
		D5D852BA215A17B3007D9CFF /* TestViewController1.m */ = {isa = PBXFileReference; lastKnownFileType = sourcecode.c.objc; path = TestViewController1.m; sourceTree = "<group>"; };
		D5D852BC215A1843007D9CFF /* BaseTestViewController.h */ = {isa = PBXFileReference; lastKnownFileType = sourcecode.c.h; path = BaseTestViewController.h; sourceTree = "<group>"; };
		D5D852BD215A1843007D9CFF /* BaseTestViewController.m */ = {isa = PBXFileReference; lastKnownFileType = sourcecode.c.objc; path = BaseTestViewController.m; sourceTree = "<group>"; };
		D5DE6C20215A1D47002ACBAF /* TestFactory.h */ = {isa = PBXFileReference; lastKnownFileType = sourcecode.c.h; path = TestFactory.h; sourceTree = "<group>"; };
		D5DE6C21215A1D47002ACBAF /* TestFactory.m */ = {isa = PBXFileReference; lastKnownFileType = sourcecode.c.objc; path = TestFactory.m; sourceTree = "<group>"; };
		D5DE6C26215A240E002ACBAF /* TestListViewController.h */ = {isa = PBXFileReference; lastKnownFileType = sourcecode.c.h; path = TestListViewController.h; sourceTree = "<group>"; };
		D5DE6C27215A240E002ACBAF /* TestListViewController.m */ = {isa = PBXFileReference; lastKnownFileType = sourcecode.c.objc; path = TestListViewController.m; sourceTree = "<group>"; };
		D5DE6C2A215A243F002ACBAF /* TestOrderViewController.h */ = {isa = PBXFileReference; lastKnownFileType = sourcecode.c.h; path = TestOrderViewController.h; sourceTree = "<group>"; };
		D5DE6C2B215A243F002ACBAF /* TestOrderViewController.m */ = {isa = PBXFileReference; lastKnownFileType = sourcecode.c.objc; path = TestOrderViewController.m; sourceTree = "<group>"; };
		D5DE6C30215A2A6B002ACBAF /* EUILayoutKit.h */ = {isa = PBXFileReference; lastKnownFileType = sourcecode.c.h; path = EUILayoutKit.h; sourceTree = "<group>"; };
		D5DE6C32215A2E0E002ACBAF /* TestTEasyViewController.h */ = {isa = PBXFileReference; lastKnownFileType = sourcecode.c.h; path = TestTEasyViewController.h; sourceTree = "<group>"; };
		D5DE6C33215A2E0E002ACBAF /* TestTEasyViewController.m */ = {isa = PBXFileReference; lastKnownFileType = sourcecode.c.objc; path = TestTEasyViewController.m; sourceTree = "<group>"; };
		D5DE6C36215A385D002ACBAF /* TestTRowViewController.h */ = {isa = PBXFileReference; lastKnownFileType = sourcecode.c.h; path = TestTRowViewController.h; sourceTree = "<group>"; };
		D5DE6C37215A385D002ACBAF /* TestTRowViewController.m */ = {isa = PBXFileReference; lastKnownFileType = sourcecode.c.objc; path = TestTRowViewController.m; sourceTree = "<group>"; };
/* End PBXFileReference section */

/* Begin PBXFrameworksBuildPhase section */
		D57CFCBD215A08DA002D137F /* Frameworks */ = {
			isa = PBXFrameworksBuildPhase;
			buildActionMask = 2147483647;
			files = (
				914EA5141BBDB884A53B6D1B /* Pods_EUILayoutDemo.framework in Frameworks */,
			);
			runOnlyForDeploymentPostprocessing = 0;
		};
		D57CFCD5215A08DB002D137F /* Frameworks */ = {
			isa = PBXFrameworksBuildPhase;
			buildActionMask = 2147483647;
			files = (
				0DB8DFBF3CAE2F6AC24B83A8 /* Pods_EUILayoutDemoTests.framework in Frameworks */,
			);
			runOnlyForDeploymentPostprocessing = 0;
		};
		D57CFCE0215A08DB002D137F /* Frameworks */ = {
			isa = PBXFrameworksBuildPhase;
			buildActionMask = 2147483647;
			files = (
				16380FF197815A9D3F3B959E /* Pods_EUILayoutDemoUITests.framework in Frameworks */,
			);
			runOnlyForDeploymentPostprocessing = 0;
		};
/* End PBXFrameworksBuildPhase section */

/* Begin PBXGroup section */
		604754B5B3E2BECA828056E5 /* Pods */ = {
			isa = PBXGroup;
			children = (
				7DC1EDA8C45F3D400229B33B /* Pods-EUILayoutDemo.debug.xcconfig */,
				AEEDAD7ECA1C639AE61742CF /* Pods-EUILayoutDemo.release.xcconfig */,
				D51E7B1AAA716A5C15048894 /* Pods-EUILayoutDemoTests.debug.xcconfig */,
				3F2C45FA3A9BFA48801D32A6 /* Pods-EUILayoutDemoTests.release.xcconfig */,
				AD92E2E40A0AEABBC8C7212D /* Pods-EUILayoutDemoUITests.debug.xcconfig */,
				036D07C726659EB59FC3B5BC /* Pods-EUILayoutDemoUITests.release.xcconfig */,
			);
			name = Pods;
			sourceTree = "<group>";
		};
		BA22FC5BC6769C7017D80E2A /* Frameworks */ = {
			isa = PBXGroup;
			children = (
				863E148CD689D85239C01AB5 /* Pods_EUILayoutDemo.framework */,
				0A0E1BA40A0FB6019010A613 /* Pods_EUILayoutDemoTests.framework */,
				4E32BCD7DA2E9C6B05CE483A /* Pods_EUILayoutDemoUITests.framework */,
			);
			name = Frameworks;
			sourceTree = "<group>";
		};
		D53426D82174EEE6006A7ECA /* Helper */ = {
			isa = PBXGroup;
			children = (
				D5D852B2215A0AD8007D9CFF /* Utility */,
				D5D852B4215A0B2B007D9CFF /* Category */,
			);
			path = Helper;
			sourceTree = "<group>";
		};
		D54756B22170754100C2D920 /* Views */ = {
			isa = PBXGroup;
			children = (
				D54756BB21707D4F00C2D920 /* Base */,
				D54756BE21707DA500C2D920 /* TSPOIInfoView.h */,
				D54756BF21707DA500C2D920 /* TSPOIInfoView.m */,
				D54756C121707DBE00C2D920 /* TSTimeInfoView.h */,
				D54756C221707DBE00C2D920 /* TSTimeInfoView.m */,
				D54756C721707E0C00C2D920 /* TSPNumInfoView.h */,
				D54756C821707E0C00C2D920 /* TSPNumInfoView.m */,
				D54756CA21707E2000C2D920 /* TSTipsInfoView.h */,
				D54756CB21707E2000C2D920 /* TSTipsInfoView.m */,
			);
			path = Views;
			sourceTree = "<group>";
		};
		D54756BB21707D4F00C2D920 /* Base */ = {
			isa = PBXGroup;
			children = (
				D54756B92170777400C2D920 /* icon_detail_g@3x.png */,
				D54756B62170763C00C2D920 /* TSInfoBaseView.h */,
				D54756B72170763C00C2D920 /* TSInfoBaseView.m */,
			);
			path = Base;
			sourceTree = "<group>";
		};
		D57CFCB7215A08DA002D137F = {
			isa = PBXGroup;
			children = (
				D5D852A1215A0A1B007D9CFF /* EUILauout */,
				D57CFCC2215A08DA002D137F /* EUILayoutDemo */,
				D57CFCDB215A08DB002D137F /* EUILayoutDemoTests */,
				D57CFCE6215A08DB002D137F /* EUILayoutDemoUITests */,
				D57CFCC1215A08DA002D137F /* Products */,
				604754B5B3E2BECA828056E5 /* Pods */,
				BA22FC5BC6769C7017D80E2A /* Frameworks */,
			);
			sourceTree = "<group>";
		};
		D57CFCC1215A08DA002D137F /* Products */ = {
			isa = PBXGroup;
			children = (
				D57CFCC0215A08DA002D137F /* EUILayoutDemo.app */,
				D57CFCD8215A08DB002D137F /* EUILayoutDemoTests.xctest */,
				D57CFCE3215A08DB002D137F /* EUILayoutDemoUITests.xctest */,
			);
			name = Products;
			sourceTree = "<group>";
		};
		D57CFCC2215A08DA002D137F /* EUILayoutDemo */ = {
			isa = PBXGroup;
			children = (
				D57CFCC3215A08DA002D137F /* AppDelegate.h */,
				D57CFCC4215A08DA002D137F /* AppDelegate.m */,
				D57CFCC6215A08DA002D137F /* ViewController.h */,
				D57CFCC7215A08DA002D137F /* ViewController.m */,
				D5DE6C20215A1D47002ACBAF /* TestFactory.h */,
				D5DE6C21215A1D47002ACBAF /* TestFactory.m */,
				D59D8B602175BEC500651060 /* Views */,
				D5D852B8215A12B5007D9CFF /* TestCase */,
				D57CFCC9215A08DA002D137F /* Main.storyboard */,
				D57CFCCC215A08DB002D137F /* Assets.xcassets */,
				D57CFCCE215A08DB002D137F /* LaunchScreen.storyboard */,
				D57CFCD1215A08DB002D137F /* Info.plist */,
				D57CFCD2215A08DB002D137F /* main.m */,
			);
			path = EUILayoutDemo;
			sourceTree = "<group>";
		};
		D57CFCDB215A08DB002D137F /* EUILayoutDemoTests */ = {
			isa = PBXGroup;
			children = (
				D57CFCDC215A08DB002D137F /* EUILayoutDemoTests.m */,
				D57CFCDE215A08DB002D137F /* Info.plist */,
			);
			path = EUILayoutDemoTests;
			sourceTree = "<group>";
		};
		D57CFCE6215A08DB002D137F /* EUILayoutDemoUITests */ = {
			isa = PBXGroup;
			children = (
				D57CFCE7215A08DB002D137F /* EUILayoutDemoUITests.m */,
				D57CFCE9215A08DB002D137F /* Info.plist */,
			);
			path = EUILayoutDemoUITests;
			sourceTree = "<group>";
		};
		D59D8B5221745B8C00651060 /* ParseFactory */ = {
			isa = PBXGroup;
			children = (
				D59D8B5F2174BA4B00651060 /* EUIParsing.h */,
				D59D8B4F21745B8000651060 /* EUIParser.h */,
				D59D8B5021745B8000651060 /* EUIParser.m */,
			);
			path = ParseFactory;
			sourceTree = "<group>";
		};
		D59D8B602175BEC500651060 /* Views */ = {
			isa = PBXGroup;
			children = (
				D59D8B612175C39400651060 /* TestLabel.h */,
				D59D8B622175C39400651060 /* TestLabel.m */,
				D59D8B642175DED800651060 /* TestButton.h */,
				D59D8B652175DED800651060 /* TestButton.m */,
			);
			path = Views;
			sourceTree = "<group>";
		};
		D5A8D624215F225500EE881E /* LayoutModel */ = {
			isa = PBXGroup;
			children = (
				D5A8D62E215F28B200EE881E /* EUIEdge.h */,
				D5A8D62F215F28B200EE881E /* EUIEdge.m */,
				D59D8B5221745B8C00651060 /* ParseFactory */,
			);
			path = LayoutModel;
			sourceTree = "<group>";
		};
		D5D852A1215A0A1B007D9CFF /* EUILauout */ = {
			isa = PBXGroup;
			children = (
				D5D852B5215A0B53007D9CFF /* UIView+EUILayout.h */,
				D5D852B6215A0B53007D9CFF /* UIView+EUILayout.m */,
				D5DE6C30215A2A6B002ACBAF /* EUILayoutKit.h */,
				D5D852A2215A0A4F007D9CFF /* EUILayout.h */,
				D5D852A3215A0A4F007D9CFF /* EUILayout.m */,
				D5D852A6215A0A92007D9CFF /* EUINode.h */,
				D5D852A7215A0A92007D9CFF /* EUINode.m */,
				D5A8D624215F225500EE881E /* LayoutModel */,
				D5D852A5215A0A65007D9CFF /* Templet */,
				D53426D82174EEE6006A7ECA /* Helper */,
			);
			path = EUILauout;
			sourceTree = "<group>";
		};
		D5D852A5215A0A65007D9CFF /* Templet */ = {
			isa = PBXGroup;
			children = (
				D5D852A9215A0AAA007D9CFF /* EUITemplet.h */,
				D5D852AA215A0AAA007D9CFF /* EUITemplet.m */,
				D5D852AF215A0ACF007D9CFF /* EUIRowTemplet.h */,
				D5D852B0215A0ACF007D9CFF /* EUIRowTemplet.m */,
				D5D852AC215A0ABE007D9CFF /* EUIColumnTemplet.h */,
				D5D852AD215A0ABE007D9CFF /* EUIColumnTemplet.m */,
			);
			path = Templet;
			sourceTree = "<group>";
		};
		D5D852B2215A0AD8007D9CFF /* Utility */ = {
			isa = PBXGroup;
			children = (
				D5D852B3215A0AED007D9CFF /* EUILayoutMacro.h */,
				D5379416216F010D0071E624 /* EUIUtilities.h */,
				D53426D92174F062006A7ECA /* EUIUtilities.m */,
			);
			path = Utility;
			sourceTree = "<group>";
		};
		D5D852B4215A0B2B007D9CFF /* Category */ = {
			isa = PBXGroup;
			children = (
				D53426D52174EED0006A7ECA /* EUINode+Filter.h */,
				D53426D62174EED0006A7ECA /* EUINode+Filter.m */,
			);
			path = Category;
			sourceTree = "<group>";
		};
		D5D852B8215A12B5007D9CFF /* TestCase */ = {
			isa = PBXGroup;
			children = (
				D5D852BC215A1843007D9CFF /* BaseTestViewController.h */,
				D5D852BD215A1843007D9CFF /* BaseTestViewController.m */,
				D5DE6C23215A2217002ACBAF /* 简单布局测试 */,
				D5DE6C24215A23DE002ACBAF /* 模仿业务场景 */,
			);
			path = TestCase;
			sourceTree = "<group>";
		};
		D5DE6C23215A2217002ACBAF /* 简单布局测试 */ = {
			isa = PBXGroup;
			children = (
				D5D852B9215A17B3007D9CFF /* TestViewController1.h */,
				D5D852BA215A17B3007D9CFF /* TestViewController1.m */,
				D5DE6C31215A2DD6002ACBAF /* TEasy 模板 */,
				D5DE6C35215A383C002ACBAF /* TRow 模板 */,
			);
			path = "简单布局测试";
			sourceTree = "<group>";
		};
		D5DE6C24215A23DE002ACBAF /* 模仿业务场景 */ = {
			isa = PBXGroup;
			children = (
				D54756AF217053BA00C2D920 /* TestViewController2.h */,
				D54756B0217053BA00C2D920 /* TestViewController2.m */,
				D5DE6C29215A242D002ACBAF /* 发单页 */,
				D5DE6C25215A23F0002ACBAF /* 列表页 */,
			);
			path = "模仿业务场景";
			sourceTree = "<group>";
		};
		D5DE6C25215A23F0002ACBAF /* 列表页 */ = {
			isa = PBXGroup;
			children = (
				D5DE6C26215A240E002ACBAF /* TestListViewController.h */,
				D5DE6C27215A240E002ACBAF /* TestListViewController.m */,
			);
			path = "列表页";
			sourceTree = "<group>";
		};
		D5DE6C29215A242D002ACBAF /* 发单页 */ = {
			isa = PBXGroup;
			children = (
				D5DE6C2A215A243F002ACBAF /* TestOrderViewController.h */,
				D5DE6C2B215A243F002ACBAF /* TestOrderViewController.m */,
				D54756B22170754100C2D920 /* Views */,
			);
			path = "发单页";
			sourceTree = "<group>";
		};
		D5DE6C31215A2DD6002ACBAF /* TEasy 模板 */ = {
			isa = PBXGroup;
			children = (
				D5DE6C32215A2E0E002ACBAF /* TestTEasyViewController.h */,
				D5DE6C33215A2E0E002ACBAF /* TestTEasyViewController.m */,
			);
			path = "TEasy 模板";
			sourceTree = "<group>";
		};
		D5DE6C35215A383C002ACBAF /* TRow 模板 */ = {
			isa = PBXGroup;
			children = (
				D5DE6C36215A385D002ACBAF /* TestTRowViewController.h */,
				D5DE6C37215A385D002ACBAF /* TestTRowViewController.m */,
			);
			path = "TRow 模板";
			sourceTree = "<group>";
		};
/* End PBXGroup section */

/* Begin PBXNativeTarget section */
		D57CFCBF215A08DA002D137F /* EUILayoutDemo */ = {
			isa = PBXNativeTarget;
			buildConfigurationList = D57CFCEC215A08DB002D137F /* Build configuration list for PBXNativeTarget "EUILayoutDemo" */;
			buildPhases = (
				05BA74BDF57D05489BCFE78C /* [CP] Check Pods Manifest.lock */,
				D57CFCBC215A08DA002D137F /* Sources */,
				D57CFCBD215A08DA002D137F /* Frameworks */,
				D57CFCBE215A08DA002D137F /* Resources */,
				81E1FF50E506021E9DBD7EF3 /* [CP] Embed Pods Frameworks */,
				49E1AA7479DACC0D203B5810 /* [CP] Copy Pods Resources */,
			);
			buildRules = (
			);
			dependencies = (
			);
			name = EUILayoutDemo;
			productName = EUILayoutDemo;
			productReference = D57CFCC0215A08DA002D137F /* EUILayoutDemo.app */;
			productType = "com.apple.product-type.application";
		};
		D57CFCD7215A08DB002D137F /* EUILayoutDemoTests */ = {
			isa = PBXNativeTarget;
			buildConfigurationList = D57CFCEF215A08DB002D137F /* Build configuration list for PBXNativeTarget "EUILayoutDemoTests" */;
			buildPhases = (
				3EFE330A4A555327810B0910 /* [CP] Check Pods Manifest.lock */,
				D57CFCD4215A08DB002D137F /* Sources */,
				D57CFCD5215A08DB002D137F /* Frameworks */,
				D57CFCD6215A08DB002D137F /* Resources */,
				3BF0A9546C545E653CA9F808 /* [CP] Embed Pods Frameworks */,
				D481D4185DAD59E1A1FE7674 /* [CP] Copy Pods Resources */,
			);
			buildRules = (
			);
			dependencies = (
				D57CFCDA215A08DB002D137F /* PBXTargetDependency */,
			);
			name = EUILayoutDemoTests;
			productName = EUILayoutDemoTests;
			productReference = D57CFCD8215A08DB002D137F /* EUILayoutDemoTests.xctest */;
			productType = "com.apple.product-type.bundle.unit-test";
		};
		D57CFCE2215A08DB002D137F /* EUILayoutDemoUITests */ = {
			isa = PBXNativeTarget;
			buildConfigurationList = D57CFCF2215A08DB002D137F /* Build configuration list for PBXNativeTarget "EUILayoutDemoUITests" */;
			buildPhases = (
				E7D92DA5F2BB3B5C8F94689B /* [CP] Check Pods Manifest.lock */,
				D57CFCDF215A08DB002D137F /* Sources */,
				D57CFCE0215A08DB002D137F /* Frameworks */,
				D57CFCE1215A08DB002D137F /* Resources */,
				78E380E7794A72257DAE1CC6 /* [CP] Embed Pods Frameworks */,
				9E414ACDD7CD4086B4E4C7EA /* [CP] Copy Pods Resources */,
			);
			buildRules = (
			);
			dependencies = (
				D57CFCE5215A08DB002D137F /* PBXTargetDependency */,
			);
			name = EUILayoutDemoUITests;
			productName = EUILayoutDemoUITests;
			productReference = D57CFCE3215A08DB002D137F /* EUILayoutDemoUITests.xctest */;
			productType = "com.apple.product-type.bundle.ui-testing";
		};
/* End PBXNativeTarget section */

/* Begin PBXProject section */
		D57CFCB8215A08DA002D137F /* Project object */ = {
			isa = PBXProject;
			attributes = {
				LastUpgradeCheck = 0940;
				ORGANIZATIONNAME = Lux;
				TargetAttributes = {
					D57CFCBF215A08DA002D137F = {
						CreatedOnToolsVersion = 9.4.1;
					};
					D57CFCD7215A08DB002D137F = {
						CreatedOnToolsVersion = 9.4.1;
						TestTargetID = D57CFCBF215A08DA002D137F;
					};
					D57CFCE2215A08DB002D137F = {
						CreatedOnToolsVersion = 9.4.1;
						TestTargetID = D57CFCBF215A08DA002D137F;
					};
				};
			};
			buildConfigurationList = D57CFCBB215A08DA002D137F /* Build configuration list for PBXProject "EUILayoutDemo" */;
			compatibilityVersion = "Xcode 9.3";
			developmentRegion = en;
			hasScannedForEncodings = 0;
			knownRegions = (
				en,
				Base,
			);
			mainGroup = D57CFCB7215A08DA002D137F;
			productRefGroup = D57CFCC1215A08DA002D137F /* Products */;
			projectDirPath = "";
			projectRoot = "";
			targets = (
				D57CFCBF215A08DA002D137F /* EUILayoutDemo */,
				D57CFCD7215A08DB002D137F /* EUILayoutDemoTests */,
				D57CFCE2215A08DB002D137F /* EUILayoutDemoUITests */,
			);
		};
/* End PBXProject section */

/* Begin PBXResourcesBuildPhase section */
		D57CFCBE215A08DA002D137F /* Resources */ = {
			isa = PBXResourcesBuildPhase;
			buildActionMask = 2147483647;
			files = (
				D57CFCD0215A08DB002D137F /* LaunchScreen.storyboard in Resources */,
				D57CFCCD215A08DB002D137F /* Assets.xcassets in Resources */,
				D57CFCCB215A08DA002D137F /* Main.storyboard in Resources */,
				D54756BA2170777400C2D920 /* icon_detail_g@3x.png in Resources */,
			);
			runOnlyForDeploymentPostprocessing = 0;
		};
		D57CFCD6215A08DB002D137F /* Resources */ = {
			isa = PBXResourcesBuildPhase;
			buildActionMask = 2147483647;
			files = (
			);
			runOnlyForDeploymentPostprocessing = 0;
		};
		D57CFCE1215A08DB002D137F /* Resources */ = {
			isa = PBXResourcesBuildPhase;
			buildActionMask = 2147483647;
			files = (
			);
			runOnlyForDeploymentPostprocessing = 0;
		};
/* End PBXResourcesBuildPhase section */

/* Begin PBXShellScriptBuildPhase section */
		05BA74BDF57D05489BCFE78C /* [CP] Check Pods Manifest.lock */ = {
			isa = PBXShellScriptBuildPhase;
			buildActionMask = 2147483647;
			files = (
			);
			inputPaths = (
				"${PODS_PODFILE_DIR_PATH}/Podfile.lock",
				"${PODS_ROOT}/Manifest.lock",
			);
			name = "[CP] Check Pods Manifest.lock";
			outputPaths = (
				"$(DERIVED_FILE_DIR)/Pods-EUILayoutDemo-checkManifestLockResult.txt",
			);
			runOnlyForDeploymentPostprocessing = 0;
			shellPath = /bin/sh;
			shellScript = "diff \"${PODS_PODFILE_DIR_PATH}/Podfile.lock\" \"${PODS_ROOT}/Manifest.lock\" > /dev/null\nif [ $? != 0 ] ; then\n    # print error to STDERR\n    echo \"error: The sandbox is not in sync with the Podfile.lock. Run 'pod install' or update your CocoaPods installation.\" >&2\n    exit 1\nfi\n# This output is used by Xcode 'outputs' to avoid re-running this script phase.\necho \"SUCCESS\" > \"${SCRIPT_OUTPUT_FILE_0}\"\n";
			showEnvVarsInLog = 0;
		};
		3BF0A9546C545E653CA9F808 /* [CP] Embed Pods Frameworks */ = {
			isa = PBXShellScriptBuildPhase;
			buildActionMask = 2147483647;
			files = (
			);
			inputPaths = (
			);
			name = "[CP] Embed Pods Frameworks";
			outputPaths = (
			);
			runOnlyForDeploymentPostprocessing = 0;
			shellPath = /bin/sh;
			shellScript = "\"${SRCROOT}/Pods/Target Support Files/Pods-EUILayoutDemoTests/Pods-EUILayoutDemoTests-frameworks.sh\"\n";
			showEnvVarsInLog = 0;
		};
		3EFE330A4A555327810B0910 /* [CP] Check Pods Manifest.lock */ = {
			isa = PBXShellScriptBuildPhase;
			buildActionMask = 2147483647;
			files = (
			);
			inputPaths = (
				"${PODS_PODFILE_DIR_PATH}/Podfile.lock",
				"${PODS_ROOT}/Manifest.lock",
			);
			name = "[CP] Check Pods Manifest.lock";
			outputPaths = (
				"$(DERIVED_FILE_DIR)/Pods-EUILayoutDemoTests-checkManifestLockResult.txt",
			);
			runOnlyForDeploymentPostprocessing = 0;
			shellPath = /bin/sh;
			shellScript = "diff \"${PODS_PODFILE_DIR_PATH}/Podfile.lock\" \"${PODS_ROOT}/Manifest.lock\" > /dev/null\nif [ $? != 0 ] ; then\n    # print error to STDERR\n    echo \"error: The sandbox is not in sync with the Podfile.lock. Run 'pod install' or update your CocoaPods installation.\" >&2\n    exit 1\nfi\n# This output is used by Xcode 'outputs' to avoid re-running this script phase.\necho \"SUCCESS\" > \"${SCRIPT_OUTPUT_FILE_0}\"\n";
			showEnvVarsInLog = 0;
		};
		49E1AA7479DACC0D203B5810 /* [CP] Copy Pods Resources */ = {
			isa = PBXShellScriptBuildPhase;
			buildActionMask = 2147483647;
			files = (
			);
			inputPaths = (
			);
			name = "[CP] Copy Pods Resources";
			outputPaths = (
			);
			runOnlyForDeploymentPostprocessing = 0;
			shellPath = /bin/sh;
			shellScript = "\"${SRCROOT}/Pods/Target Support Files/Pods-EUILayoutDemo/Pods-EUILayoutDemo-resources.sh\"\n";
			showEnvVarsInLog = 0;
		};
		78E380E7794A72257DAE1CC6 /* [CP] Embed Pods Frameworks */ = {
			isa = PBXShellScriptBuildPhase;
			buildActionMask = 2147483647;
			files = (
			);
			inputPaths = (
			);
			name = "[CP] Embed Pods Frameworks";
			outputPaths = (
			);
			runOnlyForDeploymentPostprocessing = 0;
			shellPath = /bin/sh;
			shellScript = "\"${SRCROOT}/Pods/Target Support Files/Pods-EUILayoutDemoUITests/Pods-EUILayoutDemoUITests-frameworks.sh\"\n";
			showEnvVarsInLog = 0;
		};
		81E1FF50E506021E9DBD7EF3 /* [CP] Embed Pods Frameworks */ = {
			isa = PBXShellScriptBuildPhase;
			buildActionMask = 2147483647;
			files = (
			);
			inputPaths = (
				"${SRCROOT}/Pods/Target Support Files/Pods-EUILayoutDemo/Pods-EUILayoutDemo-frameworks.sh",
				"${BUILT_PRODUCTS_DIR}/Yoga/yoga.framework",
				"${BUILT_PRODUCTS_DIR}/YogaKit/YogaKit.framework",
			);
			name = "[CP] Embed Pods Frameworks";
			outputPaths = (
				"${TARGET_BUILD_DIR}/${FRAMEWORKS_FOLDER_PATH}/yoga.framework",
				"${TARGET_BUILD_DIR}/${FRAMEWORKS_FOLDER_PATH}/YogaKit.framework",
			);
			runOnlyForDeploymentPostprocessing = 0;
			shellPath = /bin/sh;
			shellScript = "\"${SRCROOT}/Pods/Target Support Files/Pods-EUILayoutDemo/Pods-EUILayoutDemo-frameworks.sh\"\n";
			showEnvVarsInLog = 0;
		};
		9E414ACDD7CD4086B4E4C7EA /* [CP] Copy Pods Resources */ = {
			isa = PBXShellScriptBuildPhase;
			buildActionMask = 2147483647;
			files = (
			);
			inputPaths = (
			);
			name = "[CP] Copy Pods Resources";
			outputPaths = (
			);
			runOnlyForDeploymentPostprocessing = 0;
			shellPath = /bin/sh;
			shellScript = "\"${SRCROOT}/Pods/Target Support Files/Pods-EUILayoutDemoUITests/Pods-EUILayoutDemoUITests-resources.sh\"\n";
			showEnvVarsInLog = 0;
		};
		D481D4185DAD59E1A1FE7674 /* [CP] Copy Pods Resources */ = {
			isa = PBXShellScriptBuildPhase;
			buildActionMask = 2147483647;
			files = (
			);
			inputPaths = (
			);
			name = "[CP] Copy Pods Resources";
			outputPaths = (
			);
			runOnlyForDeploymentPostprocessing = 0;
			shellPath = /bin/sh;
			shellScript = "\"${SRCROOT}/Pods/Target Support Files/Pods-EUILayoutDemoTests/Pods-EUILayoutDemoTests-resources.sh\"\n";
			showEnvVarsInLog = 0;
		};
		E7D92DA5F2BB3B5C8F94689B /* [CP] Check Pods Manifest.lock */ = {
			isa = PBXShellScriptBuildPhase;
			buildActionMask = 2147483647;
			files = (
			);
			inputPaths = (
				"${PODS_PODFILE_DIR_PATH}/Podfile.lock",
				"${PODS_ROOT}/Manifest.lock",
			);
			name = "[CP] Check Pods Manifest.lock";
			outputPaths = (
				"$(DERIVED_FILE_DIR)/Pods-EUILayoutDemoUITests-checkManifestLockResult.txt",
			);
			runOnlyForDeploymentPostprocessing = 0;
			shellPath = /bin/sh;
			shellScript = "diff \"${PODS_PODFILE_DIR_PATH}/Podfile.lock\" \"${PODS_ROOT}/Manifest.lock\" > /dev/null\nif [ $? != 0 ] ; then\n    # print error to STDERR\n    echo \"error: The sandbox is not in sync with the Podfile.lock. Run 'pod install' or update your CocoaPods installation.\" >&2\n    exit 1\nfi\n# This output is used by Xcode 'outputs' to avoid re-running this script phase.\necho \"SUCCESS\" > \"${SCRIPT_OUTPUT_FILE_0}\"\n";
			showEnvVarsInLog = 0;
		};
/* End PBXShellScriptBuildPhase section */

/* Begin PBXSourcesBuildPhase section */
		D57CFCBC215A08DA002D137F /* Sources */ = {
			isa = PBXSourcesBuildPhase;
			buildActionMask = 2147483647;
			files = (
				D5D852BB215A17B3007D9CFF /* TestViewController1.m in Sources */,
				D5D852B1215A0ACF007D9CFF /* EUIRowTemplet.m in Sources */,
				D5D852BE215A1843007D9CFF /* BaseTestViewController.m in Sources */,
				D5D852A4215A0A4F007D9CFF /* EUILayout.m in Sources */,
				D5DE6C22215A1D47002ACBAF /* TestFactory.m in Sources */,
				D5D852AB215A0AAA007D9CFF /* EUITemplet.m in Sources */,
				D54756C021707DA500C2D920 /* TSPOIInfoView.m in Sources */,
				D59D8B662175DED800651060 /* TestButton.m in Sources */,
				D59D8B5121745B8000651060 /* EUIParser.m in Sources */,
				D57CFCC8215A08DA002D137F /* ViewController.m in Sources */,
				D59D8B632175C39400651060 /* TestLabel.m in Sources */,
				D54756C321707DBE00C2D920 /* TSTimeInfoView.m in Sources */,
				D57CFCD3215A08DB002D137F /* main.m in Sources */,
				D5DE6C28215A240E002ACBAF /* TestListViewController.m in Sources */,
				D5DE6C34215A2E0E002ACBAF /* TestTEasyViewController.m in Sources */,
				D5D852B7215A0B53007D9CFF /* UIView+EUILayout.m in Sources */,
				D54756C921707E0C00C2D920 /* TSPNumInfoView.m in Sources */,
				D54756B82170763C00C2D920 /* TSInfoBaseView.m in Sources */,
				D5D852AE215A0ABE007D9CFF /* EUIColumnTemplet.m in Sources */,
				D5A8D630215F28B200EE881E /* EUIEdge.m in Sources */,
				D53426D72174EED0006A7ECA /* EUINode+Filter.m in Sources */,
				D5DE6C2C215A243F002ACBAF /* TestOrderViewController.m in Sources */,
				D54756B1217053BA00C2D920 /* TestViewController2.m in Sources */,
				D5D852A8215A0A92007D9CFF /* EUINode.m in Sources */,
				D53426DA2174F062006A7ECA /* EUIUtilities.m in Sources */,
				D5DE6C38215A385D002ACBAF /* TestTRowViewController.m in Sources */,
				D54756CC21707E2000C2D920 /* TSTipsInfoView.m in Sources */,
				D57CFCC5215A08DA002D137F /* AppDelegate.m in Sources */,
			);
			runOnlyForDeploymentPostprocessing = 0;
		};
		D57CFCD4215A08DB002D137F /* Sources */ = {
			isa = PBXSourcesBuildPhase;
			buildActionMask = 2147483647;
			files = (
				D57CFCDD215A08DB002D137F /* EUILayoutDemoTests.m in Sources */,
			);
			runOnlyForDeploymentPostprocessing = 0;
		};
		D57CFCDF215A08DB002D137F /* Sources */ = {
			isa = PBXSourcesBuildPhase;
			buildActionMask = 2147483647;
			files = (
				D57CFCE8215A08DB002D137F /* EUILayoutDemoUITests.m in Sources */,
			);
			runOnlyForDeploymentPostprocessing = 0;
		};
/* End PBXSourcesBuildPhase section */

/* Begin PBXTargetDependency section */
		D57CFCDA215A08DB002D137F /* PBXTargetDependency */ = {
			isa = PBXTargetDependency;
			target = D57CFCBF215A08DA002D137F /* EUILayoutDemo */;
			targetProxy = D57CFCD9215A08DB002D137F /* PBXContainerItemProxy */;
		};
		D57CFCE5215A08DB002D137F /* PBXTargetDependency */ = {
			isa = PBXTargetDependency;
			target = D57CFCBF215A08DA002D137F /* EUILayoutDemo */;
			targetProxy = D57CFCE4215A08DB002D137F /* PBXContainerItemProxy */;
		};
/* End PBXTargetDependency section */

/* Begin PBXVariantGroup section */
		D57CFCC9215A08DA002D137F /* Main.storyboard */ = {
			isa = PBXVariantGroup;
			children = (
				D57CFCCA215A08DA002D137F /* Base */,
			);
			name = Main.storyboard;
			sourceTree = "<group>";
		};
		D57CFCCE215A08DB002D137F /* LaunchScreen.storyboard */ = {
			isa = PBXVariantGroup;
			children = (
				D57CFCCF215A08DB002D137F /* Base */,
			);
			name = LaunchScreen.storyboard;
			sourceTree = "<group>";
		};
/* End PBXVariantGroup section */

/* Begin XCBuildConfiguration section */
		D57CFCEA215A08DB002D137F /* Debug */ = {
			isa = XCBuildConfiguration;
			buildSettings = {
				ALWAYS_SEARCH_USER_PATHS = NO;
				CLANG_ANALYZER_NONNULL = YES;
				CLANG_ANALYZER_NUMBER_OBJECT_CONVERSION = YES_AGGRESSIVE;
				CLANG_CXX_LANGUAGE_STANDARD = "gnu++14";
				CLANG_CXX_LIBRARY = "libc++";
				CLANG_ENABLE_MODULES = YES;
				CLANG_ENABLE_OBJC_ARC = YES;
				CLANG_ENABLE_OBJC_WEAK = YES;
				CLANG_WARN_BLOCK_CAPTURE_AUTORELEASING = YES;
				CLANG_WARN_BOOL_CONVERSION = YES;
				CLANG_WARN_COMMA = YES;
				CLANG_WARN_CONSTANT_CONVERSION = YES;
				CLANG_WARN_DEPRECATED_OBJC_IMPLEMENTATIONS = YES;
				CLANG_WARN_DIRECT_OBJC_ISA_USAGE = YES_ERROR;
				CLANG_WARN_DOCUMENTATION_COMMENTS = YES;
				CLANG_WARN_EMPTY_BODY = YES;
				CLANG_WARN_ENUM_CONVERSION = YES;
				CLANG_WARN_INFINITE_RECURSION = YES;
				CLANG_WARN_INT_CONVERSION = YES;
				CLANG_WARN_NON_LITERAL_NULL_CONVERSION = YES;
				CLANG_WARN_OBJC_IMPLICIT_RETAIN_SELF = YES;
				CLANG_WARN_OBJC_LITERAL_CONVERSION = YES;
				CLANG_WARN_OBJC_ROOT_CLASS = YES_ERROR;
				CLANG_WARN_RANGE_LOOP_ANALYSIS = YES;
				CLANG_WARN_STRICT_PROTOTYPES = YES;
				CLANG_WARN_SUSPICIOUS_MOVE = YES;
				CLANG_WARN_UNGUARDED_AVAILABILITY = YES_AGGRESSIVE;
				CLANG_WARN_UNREACHABLE_CODE = YES;
				CLANG_WARN__DUPLICATE_METHOD_MATCH = YES;
				CODE_SIGN_IDENTITY = "iPhone Developer";
				COPY_PHASE_STRIP = NO;
				DEBUG_INFORMATION_FORMAT = dwarf;
				ENABLE_STRICT_OBJC_MSGSEND = YES;
				ENABLE_TESTABILITY = YES;
				GCC_C_LANGUAGE_STANDARD = gnu11;
				GCC_DYNAMIC_NO_PIC = NO;
				GCC_NO_COMMON_BLOCKS = YES;
				GCC_OPTIMIZATION_LEVEL = 0;
				GCC_PREPROCESSOR_DEFINITIONS = (
					"DEBUG=1",
					"$(inherited)",
				);
				GCC_WARN_64_TO_32_BIT_CONVERSION = YES;
				GCC_WARN_ABOUT_RETURN_TYPE = YES_ERROR;
				GCC_WARN_UNDECLARED_SELECTOR = YES;
				GCC_WARN_UNINITIALIZED_AUTOS = YES_AGGRESSIVE;
				GCC_WARN_UNUSED_FUNCTION = YES;
				GCC_WARN_UNUSED_VARIABLE = YES;
				IPHONEOS_DEPLOYMENT_TARGET = 11.4;
				MTL_ENABLE_DEBUG_INFO = YES;
				ONLY_ACTIVE_ARCH = YES;
				SDKROOT = iphoneos;
			};
			name = Debug;
		};
		D57CFCEB215A08DB002D137F /* Release */ = {
			isa = XCBuildConfiguration;
			buildSettings = {
				ALWAYS_SEARCH_USER_PATHS = NO;
				CLANG_ANALYZER_NONNULL = YES;
				CLANG_ANALYZER_NUMBER_OBJECT_CONVERSION = YES_AGGRESSIVE;
				CLANG_CXX_LANGUAGE_STANDARD = "gnu++14";
				CLANG_CXX_LIBRARY = "libc++";
				CLANG_ENABLE_MODULES = YES;
				CLANG_ENABLE_OBJC_ARC = YES;
				CLANG_ENABLE_OBJC_WEAK = YES;
				CLANG_WARN_BLOCK_CAPTURE_AUTORELEASING = YES;
				CLANG_WARN_BOOL_CONVERSION = YES;
				CLANG_WARN_COMMA = YES;
				CLANG_WARN_CONSTANT_CONVERSION = YES;
				CLANG_WARN_DEPRECATED_OBJC_IMPLEMENTATIONS = YES;
				CLANG_WARN_DIRECT_OBJC_ISA_USAGE = YES_ERROR;
				CLANG_WARN_DOCUMENTATION_COMMENTS = YES;
				CLANG_WARN_EMPTY_BODY = YES;
				CLANG_WARN_ENUM_CONVERSION = YES;
				CLANG_WARN_INFINITE_RECURSION = YES;
				CLANG_WARN_INT_CONVERSION = YES;
				CLANG_WARN_NON_LITERAL_NULL_CONVERSION = YES;
				CLANG_WARN_OBJC_IMPLICIT_RETAIN_SELF = YES;
				CLANG_WARN_OBJC_LITERAL_CONVERSION = YES;
				CLANG_WARN_OBJC_ROOT_CLASS = YES_ERROR;
				CLANG_WARN_RANGE_LOOP_ANALYSIS = YES;
				CLANG_WARN_STRICT_PROTOTYPES = YES;
				CLANG_WARN_SUSPICIOUS_MOVE = YES;
				CLANG_WARN_UNGUARDED_AVAILABILITY = YES_AGGRESSIVE;
				CLANG_WARN_UNREACHABLE_CODE = YES;
				CLANG_WARN__DUPLICATE_METHOD_MATCH = YES;
				CODE_SIGN_IDENTITY = "iPhone Developer";
				COPY_PHASE_STRIP = NO;
				DEBUG_INFORMATION_FORMAT = "dwarf-with-dsym";
				ENABLE_NS_ASSERTIONS = NO;
				ENABLE_STRICT_OBJC_MSGSEND = YES;
				GCC_C_LANGUAGE_STANDARD = gnu11;
				GCC_NO_COMMON_BLOCKS = YES;
				GCC_WARN_64_TO_32_BIT_CONVERSION = YES;
				GCC_WARN_ABOUT_RETURN_TYPE = YES_ERROR;
				GCC_WARN_UNDECLARED_SELECTOR = YES;
				GCC_WARN_UNINITIALIZED_AUTOS = YES_AGGRESSIVE;
				GCC_WARN_UNUSED_FUNCTION = YES;
				GCC_WARN_UNUSED_VARIABLE = YES;
				IPHONEOS_DEPLOYMENT_TARGET = 11.4;
				MTL_ENABLE_DEBUG_INFO = NO;
				SDKROOT = iphoneos;
				VALIDATE_PRODUCT = YES;
			};
			name = Release;
		};
		D57CFCED215A08DB002D137F /* Debug */ = {
			isa = XCBuildConfiguration;
			baseConfigurationReference = 7DC1EDA8C45F3D400229B33B /* Pods-EUILayoutDemo.debug.xcconfig */;
			buildSettings = {
				ASSETCATALOG_COMPILER_APPICON_NAME = AppIcon;
				CODE_SIGN_STYLE = Automatic;
				INFOPLIST_FILE = EUILayoutDemo/Info.plist;
				LD_RUNPATH_SEARCH_PATHS = (
					"$(inherited)",
					"@executable_path/Frameworks",
				);
				PRODUCT_BUNDLE_IDENTIFIER = com.didichuxing.EUILayout.EUILayoutDemo;
				PRODUCT_NAME = "$(TARGET_NAME)";
				TARGETED_DEVICE_FAMILY = "1,2";
			};
			name = Debug;
		};
		D57CFCEE215A08DB002D137F /* Release */ = {
			isa = XCBuildConfiguration;
			baseConfigurationReference = AEEDAD7ECA1C639AE61742CF /* Pods-EUILayoutDemo.release.xcconfig */;
			buildSettings = {
				ASSETCATALOG_COMPILER_APPICON_NAME = AppIcon;
				CODE_SIGN_STYLE = Automatic;
				INFOPLIST_FILE = EUILayoutDemo/Info.plist;
				LD_RUNPATH_SEARCH_PATHS = (
					"$(inherited)",
					"@executable_path/Frameworks",
				);
				PRODUCT_BUNDLE_IDENTIFIER = com.didichuxing.EUILayout.EUILayoutDemo;
				PRODUCT_NAME = "$(TARGET_NAME)";
				TARGETED_DEVICE_FAMILY = "1,2";
			};
			name = Release;
		};
		D57CFCF0215A08DB002D137F /* Debug */ = {
			isa = XCBuildConfiguration;
			baseConfigurationReference = D51E7B1AAA716A5C15048894 /* Pods-EUILayoutDemoTests.debug.xcconfig */;
			buildSettings = {
				BUNDLE_LOADER = "$(TEST_HOST)";
				CODE_SIGN_STYLE = Automatic;
				INFOPLIST_FILE = EUILayoutDemoTests/Info.plist;
				LD_RUNPATH_SEARCH_PATHS = (
					"$(inherited)",
					"@executable_path/Frameworks",
					"@loader_path/Frameworks",
				);
				PRODUCT_BUNDLE_IDENTIFIER = com.didichuxing.EUILayout.EUILayoutDemoTests;
				PRODUCT_NAME = "$(TARGET_NAME)";
				TARGETED_DEVICE_FAMILY = "1,2";
				TEST_HOST = "$(BUILT_PRODUCTS_DIR)/EUILayoutDemo.app/EUILayoutDemo";
			};
			name = Debug;
		};
		D57CFCF1215A08DB002D137F /* Release */ = {
			isa = XCBuildConfiguration;
			baseConfigurationReference = 3F2C45FA3A9BFA48801D32A6 /* Pods-EUILayoutDemoTests.release.xcconfig */;
			buildSettings = {
				BUNDLE_LOADER = "$(TEST_HOST)";
				CODE_SIGN_STYLE = Automatic;
				INFOPLIST_FILE = EUILayoutDemoTests/Info.plist;
				LD_RUNPATH_SEARCH_PATHS = (
					"$(inherited)",
					"@executable_path/Frameworks",
					"@loader_path/Frameworks",
				);
				PRODUCT_BUNDLE_IDENTIFIER = com.didichuxing.EUILayout.EUILayoutDemoTests;
				PRODUCT_NAME = "$(TARGET_NAME)";
				TARGETED_DEVICE_FAMILY = "1,2";
				TEST_HOST = "$(BUILT_PRODUCTS_DIR)/EUILayoutDemo.app/EUILayoutDemo";
			};
			name = Release;
		};
		D57CFCF3215A08DB002D137F /* Debug */ = {
			isa = XCBuildConfiguration;
			baseConfigurationReference = AD92E2E40A0AEABBC8C7212D /* Pods-EUILayoutDemoUITests.debug.xcconfig */;
			buildSettings = {
				CODE_SIGN_STYLE = Automatic;
				INFOPLIST_FILE = EUILayoutDemoUITests/Info.plist;
				LD_RUNPATH_SEARCH_PATHS = (
					"$(inherited)",
					"@executable_path/Frameworks",
					"@loader_path/Frameworks",
				);
				PRODUCT_BUNDLE_IDENTIFIER = com.didichuxing.EUILayout.EUILayoutDemoUITests;
				PRODUCT_NAME = "$(TARGET_NAME)";
				TARGETED_DEVICE_FAMILY = "1,2";
				TEST_TARGET_NAME = EUILayoutDemo;
			};
			name = Debug;
		};
		D57CFCF4215A08DB002D137F /* Release */ = {
			isa = XCBuildConfiguration;
			baseConfigurationReference = 036D07C726659EB59FC3B5BC /* Pods-EUILayoutDemoUITests.release.xcconfig */;
			buildSettings = {
				CODE_SIGN_STYLE = Automatic;
				INFOPLIST_FILE = EUILayoutDemoUITests/Info.plist;
				LD_RUNPATH_SEARCH_PATHS = (
					"$(inherited)",
					"@executable_path/Frameworks",
					"@loader_path/Frameworks",
				);
				PRODUCT_BUNDLE_IDENTIFIER = com.didichuxing.EUILayout.EUILayoutDemoUITests;
				PRODUCT_NAME = "$(TARGET_NAME)";
				TARGETED_DEVICE_FAMILY = "1,2";
				TEST_TARGET_NAME = EUILayoutDemo;
			};
			name = Release;
		};
/* End XCBuildConfiguration section */

/* Begin XCConfigurationList section */
		D57CFCBB215A08DA002D137F /* Build configuration list for PBXProject "EUILayoutDemo" */ = {
			isa = XCConfigurationList;
			buildConfigurations = (
				D57CFCEA215A08DB002D137F /* Debug */,
				D57CFCEB215A08DB002D137F /* Release */,
			);
			defaultConfigurationIsVisible = 0;
			defaultConfigurationName = Release;
		};
		D57CFCEC215A08DB002D137F /* Build configuration list for PBXNativeTarget "EUILayoutDemo" */ = {
			isa = XCConfigurationList;
			buildConfigurations = (
				D57CFCED215A08DB002D137F /* Debug */,
				D57CFCEE215A08DB002D137F /* Release */,
			);
			defaultConfigurationIsVisible = 0;
			defaultConfigurationName = Release;
		};
		D57CFCEF215A08DB002D137F /* Build configuration list for PBXNativeTarget "EUILayoutDemoTests" */ = {
			isa = XCConfigurationList;
			buildConfigurations = (
				D57CFCF0215A08DB002D137F /* Debug */,
				D57CFCF1215A08DB002D137F /* Release */,
			);
			defaultConfigurationIsVisible = 0;
			defaultConfigurationName = Release;
		};
		D57CFCF2215A08DB002D137F /* Build configuration list for PBXNativeTarget "EUILayoutDemoUITests" */ = {
			isa = XCConfigurationList;
			buildConfigurations = (
				D57CFCF3215A08DB002D137F /* Debug */,
				D57CFCF4215A08DB002D137F /* Release */,
			);
			defaultConfigurationIsVisible = 0;
			defaultConfigurationName = Release;
		};
/* End XCConfigurationList section */
	};
	rootObject = D57CFCB8215A08DA002D137F /* Project object */;
}
