// !$*UTF8*$!
{
	archiveVersion = 1;
	classes = {
	};
	objectVersion = 50;
	objects = {

/* Begin PBXBuildFile section */
		0DB8DFBF3CAE2F6AC24B83A8 /* Pods_EUILayoutDemoTests.framework in Frameworks */ = {isa = PBXBuildFile; fileRef = 0A0E1BA40A0FB6019010A613 /* Pods_EUILayoutDemoTests.framework */; };
		16380FF197815A9D3F3B959E /* Pods_EUILayoutDemoUITests.framework in Frameworks */ = {isa = PBXBuildFile; fileRef = 4E32BCD7DA2E9C6B05CE483A /* Pods_EUILayoutDemoUITests.framework */; };
		914EA5141BBDB884A53B6D1B /* Pods_EUILayoutDemo.framework in Frameworks */ = {isa = PBXBuildFile; fileRef = 863E148CD689D85239C01AB5 /* Pods_EUILayoutDemo.framework */; };
		D57CFCC5215A08DA002D137F /* AppDelegate.m in Sources */ = {isa = PBXBuildFile; fileRef = D57CFCC4215A08DA002D137F /* AppDelegate.m */; };
		D57CFCC8215A08DA002D137F /* ViewController.m in Sources */ = {isa = PBXBuildFile; fileRef = D57CFCC7215A08DA002D137F /* ViewController.m */; };
		D57CFCCB215A08DA002D137F /* Main.storyboard in Resources */ = {isa = PBXBuildFile; fileRef = D57CFCC9215A08DA002D137F /* Main.storyboard */; };
		D57CFCCD215A08DB002D137F /* Assets.xcassets in Resources */ = {isa = PBXBuildFile; fileRef = D57CFCCC215A08DB002D137F /* Assets.xcassets */; };
		D57CFCD0215A08DB002D137F /* LaunchScreen.storyboard in Resources */ = {isa = PBXBuildFile; fileRef = D57CFCCE215A08DB002D137F /* LaunchScreen.storyboard */; };
		D57CFCD3215A08DB002D137F /* main.m in Sources */ = {isa = PBXBuildFile; fileRef = D57CFCD2215A08DB002D137F /* main.m */; };
		D57CFCDD215A08DB002D137F /* EUILayoutDemoTests.m in Sources */ = {isa = PBXBuildFile; fileRef = D57CFCDC215A08DB002D137F /* EUILayoutDemoTests.m */; };
		D57CFCE8215A08DB002D137F /* EUILayoutDemoUITests.m in Sources */ = {isa = PBXBuildFile; fileRef = D57CFCE7215A08DB002D137F /* EUILayoutDemoUITests.m */; };
/* End PBXBuildFile section */

/* Begin PBXContainerItemProxy section */
		D57CFCD9215A08DB002D137F /* PBXContainerItemProxy */ = {
			isa = PBXContainerItemProxy;
			containerPortal = D57CFCB8215A08DA002D137F /* Project object */;
			proxyType = 1;
			remoteGlobalIDString = D57CFCBF215A08DA002D137F;
			remoteInfo = EUILayoutDemo;
		};
		D57CFCE4215A08DB002D137F /* PBXContainerItemProxy */ = {
			isa = PBXContainerItemProxy;
			containerPortal = D57CFCB8215A08DA002D137F /* Project object */;
			proxyType = 1;
			remoteGlobalIDString = D57CFCBF215A08DA002D137F;
			remoteInfo = EUILayoutDemo;
		};
/* End PBXContainerItemProxy section */

/* Begin PBXFileReference section */
		036D07C726659EB59FC3B5BC /* Pods-EUILayoutDemoUITests.release.xcconfig */ = {isa = PBXFileReference; includeInIndex = 1; lastKnownFileType = text.xcconfig; name = "Pods-EUILayoutDemoUITests.release.xcconfig"; path = "Pods/Target Support Files/Pods-EUILayoutDemoUITests/Pods-EUILayoutDemoUITests.release.xcconfig"; sourceTree = "<group>"; };
		0A0E1BA40A0FB6019010A613 /* Pods_EUILayoutDemoTests.framework */ = {isa = PBXFileReference; explicitFileType = wrapper.framework; includeInIndex = 0; path = Pods_EUILayoutDemoTests.framework; sourceTree = BUILT_PRODUCTS_DIR; };
		3F2C45FA3A9BFA48801D32A6 /* Pods-EUILayoutDemoTests.release.xcconfig */ = {isa = PBXFileReference; includeInIndex = 1; lastKnownFileType = text.xcconfig; name = "Pods-EUILayoutDemoTests.release.xcconfig"; path = "Pods/Target Support Files/Pods-EUILayoutDemoTests/Pods-EUILayoutDemoTests.release.xcconfig"; sourceTree = "<group>"; };
		4E32BCD7DA2E9C6B05CE483A /* Pods_EUILayoutDemoUITests.framework */ = {isa = PBXFileReference; explicitFileType = wrapper.framework; includeInIndex = 0; path = Pods_EUILayoutDemoUITests.framework; sourceTree = BUILT_PRODUCTS_DIR; };
		7DC1EDA8C45F3D400229B33B /* Pods-EUILayoutDemo.debug.xcconfig */ = {isa = PBXFileReference; includeInIndex = 1; lastKnownFileType = text.xcconfig; name = "Pods-EUILayoutDemo.debug.xcconfig"; path = "Pods/Target Support Files/Pods-EUILayoutDemo/Pods-EUILayoutDemo.debug.xcconfig"; sourceTree = "<group>"; };
		863E148CD689D85239C01AB5 /* Pods_EUILayoutDemo.framework */ = {isa = PBXFileReference; explicitFileType = wrapper.framework; includeInIndex = 0; path = Pods_EUILayoutDemo.framework; sourceTree = BUILT_PRODUCTS_DIR; };
		AD92E2E40A0AEABBC8C7212D /* Pods-EUILayoutDemoUITests.debug.xcconfig */ = {isa = PBXFileReference; includeInIndex = 1; lastKnownFileType = text.xcconfig; name = "Pods-EUILayoutDemoUITests.debug.xcconfig"; path = "Pods/Target Support Files/Pods-EUILayoutDemoUITests/Pods-EUILayoutDemoUITests.debug.xcconfig"; sourceTree = "<group>"; };
		AEEDAD7ECA1C639AE61742CF /* Pods-EUILayoutDemo.release.xcconfig */ = {isa = PBXFileReference; includeInIndex = 1; lastKnownFileType = text.xcconfig; name = "Pods-EUILayoutDemo.release.xcconfig"; path = "Pods/Target Support Files/Pods-EUILayoutDemo/Pods-EUILayoutDemo.release.xcconfig"; sourceTree = "<group>"; };
		D51E7B1AAA716A5C15048894 /* Pods-EUILayoutDemoTests.debug.xcconfig */ = {isa = PBXFileReference; includeInIndex = 1; lastKnownFileType = text.xcconfig; name = "Pods-EUILayoutDemoTests.debug.xcconfig"; path = "Pods/Target Support Files/Pods-EUILayoutDemoTests/Pods-EUILayoutDemoTests.debug.xcconfig"; sourceTree = "<group>"; };
		D57CFCC0215A08DA002D137F /* EUILayoutDemo.app */ = {isa = PBXFileReference; explicitFileType = wrapper.application; includeInIndex = 0; path = EUILayoutDemo.app; sourceTree = BUILT_PRODUCTS_DIR; };
		D57CFCC3215A08DA002D137F /* AppDelegate.h */ = {isa = PBXFileReference; lastKnownFileType = sourcecode.c.h; path = AppDelegate.h; sourceTree = "<group>"; };
		D57CFCC4215A08DA002D137F /* AppDelegate.m */ = {isa = PBXFileReference; lastKnownFileType = sourcecode.c.objc; path = AppDelegate.m; sourceTree = "<group>"; };
		D57CFCC6215A08DA002D137F /* ViewController.h */ = {isa = PBXFileReference; lastKnownFileType = sourcecode.c.h; path = ViewController.h; sourceTree = "<group>"; };
		D57CFCC7215A08DA002D137F /* ViewController.m */ = {isa = PBXFileReference; lastKnownFileType = sourcecode.c.objc; path = ViewController.m; sourceTree = "<group>"; };
		D57CFCCA215A08DA002D137F /* Base */ = {isa = PBXFileReference; lastKnownFileType = file.storyboard; name = Base; path = Base.lproj/Main.storyboard; sourceTree = "<group>"; };
		D57CFCCC215A08DB002D137F /* Assets.xcassets */ = {isa = PBXFileReference; lastKnownFileType = folder.assetcatalog; path = Assets.xcassets; sourceTree = "<group>"; };
		D57CFCCF215A08DB002D137F /* Base */ = {isa = PBXFileReference; lastKnownFileType = file.storyboard; name = Base; path = Base.lproj/LaunchScreen.storyboard; sourceTree = "<group>"; };
		D57CFCD1215A08DB002D137F /* Info.plist */ = {isa = PBXFileReference; lastKnownFileType = text.plist.xml; path = Info.plist; sourceTree = "<group>"; };
		D57CFCD2215A08DB002D137F /* main.m */ = {isa = PBXFileReference; lastKnownFileType = sourcecode.c.objc; path = main.m; sourceTree = "<group>"; };
		D57CFCD8215A08DB002D137F /* EUILayoutDemoTests.xctest */ = {isa = PBXFileReference; explicitFileType = wrapper.cfbundle; includeInIndex = 0; path = EUILayoutDemoTests.xctest; sourceTree = BUILT_PRODUCTS_DIR; };
		D57CFCDC215A08DB002D137F /* EUILayoutDemoTests.m */ = {isa = PBXFileReference; lastKnownFileType = sourcecode.c.objc; path = EUILayoutDemoTests.m; sourceTree = "<group>"; };
		D57CFCDE215A08DB002D137F /* Info.plist */ = {isa = PBXFileReference; lastKnownFileType = text.plist.xml; path = Info.plist; sourceTree = "<group>"; };
		D57CFCE3215A08DB002D137F /* EUILayoutDemoUITests.xctest */ = {isa = PBXFileReference; explicitFileType = wrapper.cfbundle; includeInIndex = 0; path = EUILayoutDemoUITests.xctest; sourceTree = BUILT_PRODUCTS_DIR; };
		D57CFCE7215A08DB002D137F /* EUILayoutDemoUITests.m */ = {isa = PBXFileReference; lastKnownFileType = sourcecode.c.objc; path = EUILayoutDemoUITests.m; sourceTree = "<group>"; };
		D57CFCE9215A08DB002D137F /* Info.plist */ = {isa = PBXFileReference; lastKnownFileType = text.plist.xml; path = Info.plist; sourceTree = "<group>"; };
/* End PBXFileReference section */

/* Begin PBXFrameworksBuildPhase section */
		D57CFCBD215A08DA002D137F /* Frameworks */ = {
			isa = PBXFrameworksBuildPhase;
			buildActionMask = 2147483647;
			files = (
				914EA5141BBDB884A53B6D1B /* Pods_EUILayoutDemo.framework in Frameworks */,
			);
			runOnlyForDeploymentPostprocessing = 0;
		};
		D57CFCD5215A08DB002D137F /* Frameworks */ = {
			isa = PBXFrameworksBuildPhase;
			buildActionMask = 2147483647;
			files = (
				0DB8DFBF3CAE2F6AC24B83A8 /* Pods_EUILayoutDemoTests.framework in Frameworks */,
			);
			runOnlyForDeploymentPostprocessing = 0;
		};
		D57CFCE0215A08DB002D137F /* Frameworks */ = {
			isa = PBXFrameworksBuildPhase;
			buildActionMask = 2147483647;
			files = (
				16380FF197815A9D3F3B959E /* Pods_EUILayoutDemoUITests.framework in Frameworks */,
			);
			runOnlyForDeploymentPostprocessing = 0;
		};
/* End PBXFrameworksBuildPhase section */

/* Begin PBXGroup section */
		604754B5B3E2BECA828056E5 /* Pods */ = {
			isa = PBXGroup;
			children = (
				7DC1EDA8C45F3D400229B33B /* Pods-EUILayoutDemo.debug.xcconfig */,
				AEEDAD7ECA1C639AE61742CF /* Pods-EUILayoutDemo.release.xcconfig */,
				D51E7B1AAA716A5C15048894 /* Pods-EUILayoutDemoTests.debug.xcconfig */,
				3F2C45FA3A9BFA48801D32A6 /* Pods-EUILayoutDemoTests.release.xcconfig */,
				AD92E2E40A0AEABBC8C7212D /* Pods-EUILayoutDemoUITests.debug.xcconfig */,
				036D07C726659EB59FC3B5BC /* Pods-EUILayoutDemoUITests.release.xcconfig */,
			);
			name = Pods;
			sourceTree = "<group>";
		};
		BA22FC5BC6769C7017D80E2A /* Frameworks */ = {
			isa = PBXGroup;
			children = (
				863E148CD689D85239C01AB5 /* Pods_EUILayoutDemo.framework */,
				0A0E1BA40A0FB6019010A613 /* Pods_EUILayoutDemoTests.framework */,
				4E32BCD7DA2E9C6B05CE483A /* Pods_EUILayoutDemoUITests.framework */,
			);
			name = Frameworks;
			sourceTree = "<group>";
		};
		D57CFCB7215A08DA002D137F = {
			isa = PBXGroup;
			children = (
				D57CFCC2215A08DA002D137F /* EUILayoutDemo */,
				D57CFCDB215A08DB002D137F /* EUILayoutDemoTests */,
				D57CFCE6215A08DB002D137F /* EUILayoutDemoUITests */,
				D57CFCC1215A08DA002D137F /* Products */,
				604754B5B3E2BECA828056E5 /* Pods */,
				BA22FC5BC6769C7017D80E2A /* Frameworks */,
			);
			sourceTree = "<group>";
		};
		D57CFCC1215A08DA002D137F /* Products */ = {
			isa = PBXGroup;
			children = (
				D57CFCC0215A08DA002D137F /* EUILayoutDemo.app */,
				D57CFCD8215A08DB002D137F /* EUILayoutDemoTests.xctest */,
				D57CFCE3215A08DB002D137F /* EUILayoutDemoUITests.xctest */,
			);
			name = Products;
			sourceTree = "<group>";
		};
		D57CFCC2215A08DA002D137F /* EUILayoutDemo */ = {
			isa = PBXGroup;
			children = (
				D57CFCC3215A08DA002D137F /* AppDelegate.h */,
				D57CFCC4215A08DA002D137F /* AppDelegate.m */,
				D57CFCC6215A08DA002D137F /* ViewController.h */,
				D57CFCC7215A08DA002D137F /* ViewController.m */,
				D57CFCC9215A08DA002D137F /* Main.storyboard */,
				D57CFCCC215A08DB002D137F /* Assets.xcassets */,
				D57CFCCE215A08DB002D137F /* LaunchScreen.storyboard */,
				D57CFCD1215A08DB002D137F /* Info.plist */,
				D57CFCD2215A08DB002D137F /* main.m */,
			);
			path = EUILayoutDemo;
			sourceTree = "<group>";
		};
		D57CFCDB215A08DB002D137F /* EUILayoutDemoTests */ = {
			isa = PBXGroup;
			children = (
				D57CFCDC215A08DB002D137F /* EUILayoutDemoTests.m */,
				D57CFCDE215A08DB002D137F /* Info.plist */,
			);
			path = EUILayoutDemoTests;
			sourceTree = "<group>";
		};
		D57CFCE6215A08DB002D137F /* EUILayoutDemoUITests */ = {
			isa = PBXGroup;
			children = (
				D57CFCE7215A08DB002D137F /* EUILayoutDemoUITests.m */,
				D57CFCE9215A08DB002D137F /* Info.plist */,
			);
			path = EUILayoutDemoUITests;
			sourceTree = "<group>";
		};
/* End PBXGroup section */

/* Begin PBXNativeTarget section */
		D57CFCBF215A08DA002D137F /* EUILayoutDemo */ = {
			isa = PBXNativeTarget;
			buildConfigurationList = D57CFCEC215A08DB002D137F /* Build configuration list for PBXNativeTarget "EUILayoutDemo" */;
			buildPhases = (
				05BA74BDF57D05489BCFE78C /* [CP] Check Pods Manifest.lock */,
				D57CFCBC215A08DA002D137F /* Sources */,
				D57CFCBD215A08DA002D137F /* Frameworks */,
				D57CFCBE215A08DA002D137F /* Resources */,
				81E1FF50E506021E9DBD7EF3 /* [CP] Embed Pods Frameworks */,
				49E1AA7479DACC0D203B5810 /* [CP] Copy Pods Resources */,
			);
			buildRules = (
			);
			dependencies = (
			);
			name = EUILayoutDemo;
			productName = EUILayoutDemo;
			productReference = D57CFCC0215A08DA002D137F /* EUILayoutDemo.app */;
			productType = "com.apple.product-type.application";
		};
		D57CFCD7215A08DB002D137F /* EUILayoutDemoTests */ = {
			isa = PBXNativeTarget;
			buildConfigurationList = D57CFCEF215A08DB002D137F /* Build configuration list for PBXNativeTarget "EUILayoutDemoTests" */;
			buildPhases = (
				3EFE330A4A555327810B0910 /* [CP] Check Pods Manifest.lock */,
				D57CFCD4215A08DB002D137F /* Sources */,
				D57CFCD5215A08DB002D137F /* Frameworks */,
				D57CFCD6215A08DB002D137F /* Resources */,
				3BF0A9546C545E653CA9F808 /* [CP] Embed Pods Frameworks */,
				D481D4185DAD59E1A1FE7674 /* [CP] Copy Pods Resources */,
			);
			buildRules = (
			);
			dependencies = (
				D57CFCDA215A08DB002D137F /* PBXTargetDependency */,
			);
			name = EUILayoutDemoTests;
			productName = EUILayoutDemoTests;
			productReference = D57CFCD8215A08DB002D137F /* EUILayoutDemoTests.xctest */;
			productType = "com.apple.product-type.bundle.unit-test";
		};
		D57CFCE2215A08DB002D137F /* EUILayoutDemoUITests */ = {
			isa = PBXNativeTarget;
			buildConfigurationList = D57CFCF2215A08DB002D137F /* Build configuration list for PBXNativeTarget "EUILayoutDemoUITests" */;
			buildPhases = (
				E7D92DA5F2BB3B5C8F94689B /* [CP] Check Pods Manifest.lock */,
				D57CFCDF215A08DB002D137F /* Sources */,
				D57CFCE0215A08DB002D137F /* Frameworks */,
				D57CFCE1215A08DB002D137F /* Resources */,
				78E380E7794A72257DAE1CC6 /* [CP] Embed Pods Frameworks */,
				9E414ACDD7CD4086B4E4C7EA /* [CP] Copy Pods Resources */,
			);
			buildRules = (
			);
			dependencies = (
				D57CFCE5215A08DB002D137F /* PBXTargetDependency */,
			);
			name = EUILayoutDemoUITests;
			productName = EUILayoutDemoUITests;
			productReference = D57CFCE3215A08DB002D137F /* EUILayoutDemoUITests.xctest */;
			productType = "com.apple.product-type.bundle.ui-testing";
		};
/* End PBXNativeTarget section */

/* Begin PBXProject section */
		D57CFCB8215A08DA002D137F /* Project object */ = {
			isa = PBXProject;
			attributes = {
				LastUpgradeCheck = 0940;
				ORGANIZATIONNAME = Lux;
				TargetAttributes = {
					D57CFCBF215A08DA002D137F = {
						CreatedOnToolsVersion = 9.4.1;
					};
					D57CFCD7215A08DB002D137F = {
						CreatedOnToolsVersion = 9.4.1;
						TestTargetID = D57CFCBF215A08DA002D137F;
					};
					D57CFCE2215A08DB002D137F = {
						CreatedOnToolsVersion = 9.4.1;
						TestTargetID = D57CFCBF215A08DA002D137F;
					};
				};
			};
			buildConfigurationList = D57CFCBB215A08DA002D137F /* Build configuration list for PBXProject "EUILayoutDemo" */;
			compatibilityVersion = "Xcode 9.3";
			developmentRegion = en;
			hasScannedForEncodings = 0;
			knownRegions = (
				en,
				Base,
			);
			mainGroup = D57CFCB7215A08DA002D137F;
			productRefGroup = D57CFCC1215A08DA002D137F /* Products */;
			projectDirPath = "";
			projectRoot = "";
			targets = (
				D57CFCBF215A08DA002D137F /* EUILayoutDemo */,
				D57CFCD7215A08DB002D137F /* EUILayoutDemoTests */,
				D57CFCE2215A08DB002D137F /* EUILayoutDemoUITests */,
			);
		};
/* End PBXProject section */

/* Begin PBXResourcesBuildPhase section */
		D57CFCBE215A08DA002D137F /* Resources */ = {
			isa = PBXResourcesBuildPhase;
			buildActionMask = 2147483647;
			files = (
				D57CFCD0215A08DB002D137F /* LaunchScreen.storyboard in Resources */,
				D57CFCCD215A08DB002D137F /* Assets.xcassets in Resources */,
				D57CFCCB215A08DA002D137F /* Main.storyboard in Resources */,
			);
			runOnlyForDeploymentPostprocessing = 0;
		};
		D57CFCD6215A08DB002D137F /* Resources */ = {
			isa = PBXResourcesBuildPhase;
			buildActionMask = 2147483647;
			files = (
			);
			runOnlyForDeploymentPostprocessing = 0;
		};
		D57CFCE1215A08DB002D137F /* Resources */ = {
			isa = PBXResourcesBuildPhase;
			buildActionMask = 2147483647;
			files = (
			);
			runOnlyForDeploymentPostprocessing = 0;
		};
/* End PBXResourcesBuildPhase section */

/* Begin PBXShellScriptBuildPhase section */
		05BA74BDF57D05489BCFE78C /* [CP] Check Pods Manifest.lock */ = {
			isa = PBXShellScriptBuildPhase;
			buildActionMask = 2147483647;
			files = (
			);
			inputFileListPaths = (
			);
			inputPaths = (
				"${PODS_PODFILE_DIR_PATH}/Podfile.lock",
				"${PODS_ROOT}/Manifest.lock",
			);
			name = "[CP] Check Pods Manifest.lock";
			outputFileListPaths = (
			);
			outputPaths = (
				"$(DERIVED_FILE_DIR)/Pods-EUILayoutDemo-checkManifestLockResult.txt",
			);
			runOnlyForDeploymentPostprocessing = 0;
			shellPath = /bin/sh;
			shellScript = "diff \"${PODS_PODFILE_DIR_PATH}/Podfile.lock\" \"${PODS_ROOT}/Manifest.lock\" > /dev/null\nif [ $? != 0 ] ; then\n    # print error to STDERR\n    echo \"error: The sandbox is not in sync with the Podfile.lock. Run 'pod install' or update your CocoaPods installation.\" >&2\n    exit 1\nfi\n# This output is used by Xcode 'outputs' to avoid re-running this script phase.\necho \"SUCCESS\" > \"${SCRIPT_OUTPUT_FILE_0}\"\n";
			showEnvVarsInLog = 0;
		};
		3BF0A9546C545E653CA9F808 /* [CP] Embed Pods Frameworks */ = {
			isa = PBXShellScriptBuildPhase;
			buildActionMask = 2147483647;
			files = (
			);
			inputFileListPaths = (
			);
			inputPaths = (
			);
			name = "[CP] Embed Pods Frameworks";
			outputFileListPaths = (
			);
			outputPaths = (
			);
			runOnlyForDeploymentPostprocessing = 0;
			shellPath = /bin/sh;
			shellScript = "\"${SRCROOT}/Pods/Target Support Files/Pods-EUILayoutDemoTests/Pods-EUILayoutDemoTests-frameworks.sh\"\n";
			showEnvVarsInLog = 0;
		};
		3EFE330A4A555327810B0910 /* [CP] Check Pods Manifest.lock */ = {
			isa = PBXShellScriptBuildPhase;
			buildActionMask = 2147483647;
			files = (
			);
			inputFileListPaths = (
			);
			inputPaths = (
				"${PODS_PODFILE_DIR_PATH}/Podfile.lock",
				"${PODS_ROOT}/Manifest.lock",
			);
			name = "[CP] Check Pods Manifest.lock";
			outputFileListPaths = (
			);
			outputPaths = (
				"$(DERIVED_FILE_DIR)/Pods-EUILayoutDemoTests-checkManifestLockResult.txt",
			);
			runOnlyForDeploymentPostprocessing = 0;
			shellPath = /bin/sh;
			shellScript = "diff \"${PODS_PODFILE_DIR_PATH}/Podfile.lock\" \"${PODS_ROOT}/Manifest.lock\" > /dev/null\nif [ $? != 0 ] ; then\n    # print error to STDERR\n    echo \"error: The sandbox is not in sync with the Podfile.lock. Run 'pod install' or update your CocoaPods installation.\" >&2\n    exit 1\nfi\n# This output is used by Xcode 'outputs' to avoid re-running this script phase.\necho \"SUCCESS\" > \"${SCRIPT_OUTPUT_FILE_0}\"\n";
			showEnvVarsInLog = 0;
		};
		49E1AA7479DACC0D203B5810 /* [CP] Copy Pods Resources */ = {
			isa = PBXShellScriptBuildPhase;
			buildActionMask = 2147483647;
			files = (
			);
			inputFileListPaths = (
			);
			inputPaths = (
			);
			name = "[CP] Copy Pods Resources";
			outputFileListPaths = (
			);
			outputPaths = (
			);
			runOnlyForDeploymentPostprocessing = 0;
			shellPath = /bin/sh;
			shellScript = "\"${SRCROOT}/Pods/Target Support Files/Pods-EUILayoutDemo/Pods-EUILayoutDemo-resources.sh\"\n";
			showEnvVarsInLog = 0;
		};
		78E380E7794A72257DAE1CC6 /* [CP] Embed Pods Frameworks */ = {
			isa = PBXShellScriptBuildPhase;
			buildActionMask = 2147483647;
			files = (
			);
			inputFileListPaths = (
			);
			inputPaths = (
			);
			name = "[CP] Embed Pods Frameworks";
			outputFileListPaths = (
			);
			outputPaths = (
			);
			runOnlyForDeploymentPostprocessing = 0;
			shellPath = /bin/sh;
			shellScript = "\"${SRCROOT}/Pods/Target Support Files/Pods-EUILayoutDemoUITests/Pods-EUILayoutDemoUITests-frameworks.sh\"\n";
			showEnvVarsInLog = 0;
		};
		81E1FF50E506021E9DBD7EF3 /* [CP] Embed Pods Frameworks */ = {
			isa = PBXShellScriptBuildPhase;
			buildActionMask = 2147483647;
			files = (
			);
			inputFileListPaths = (
			);
			inputPaths = (
				"${SRCROOT}/Pods/Target Support Files/Pods-EUILayoutDemo/Pods-EUILayoutDemo-frameworks.sh",
				"${BUILT_PRODUCTS_DIR}/Yoga/yoga.framework",
				"${BUILT_PRODUCTS_DIR}/YogaKit/YogaKit.framework",
			);
			name = "[CP] Embed Pods Frameworks";
			outputFileListPaths = (
			);
			outputPaths = (
				"${TARGET_BUILD_DIR}/${FRAMEWORKS_FOLDER_PATH}/yoga.framework",
				"${TARGET_BUILD_DIR}/${FRAMEWORKS_FOLDER_PATH}/YogaKit.framework",
			);
			runOnlyForDeploymentPostprocessing = 0;
			shellPath = /bin/sh;
			shellScript = "\"${SRCROOT}/Pods/Target Support Files/Pods-EUILayoutDemo/Pods-EUILayoutDemo-frameworks.sh\"\n";
			showEnvVarsInLog = 0;
		};
		9E414ACDD7CD4086B4E4C7EA /* [CP] Copy Pods Resources */ = {
			isa = PBXShellScriptBuildPhase;
			buildActionMask = 2147483647;
			files = (
			);
			inputFileListPaths = (
			);
			inputPaths = (
			);
			name = "[CP] Copy Pods Resources";
			outputFileListPaths = (
			);
			outputPaths = (
			);
			runOnlyForDeploymentPostprocessing = 0;
			shellPath = /bin/sh;
			shellScript = "\"${SRCROOT}/Pods/Target Support Files/Pods-EUILayoutDemoUITests/Pods-EUILayoutDemoUITests-resources.sh\"\n";
			showEnvVarsInLog = 0;
		};
		D481D4185DAD59E1A1FE7674 /* [CP] Copy Pods Resources */ = {
			isa = PBXShellScriptBuildPhase;
			buildActionMask = 2147483647;
			files = (
			);
			inputFileListPaths = (
			);
			inputPaths = (
			);
			name = "[CP] Copy Pods Resources";
			outputFileListPaths = (
			);
			outputPaths = (
			);
			runOnlyForDeploymentPostprocessing = 0;
			shellPath = /bin/sh;
			shellScript = "\"${SRCROOT}/Pods/Target Support Files/Pods-EUILayoutDemoTests/Pods-EUILayoutDemoTests-resources.sh\"\n";
			showEnvVarsInLog = 0;
		};
		E7D92DA5F2BB3B5C8F94689B /* [CP] Check Pods Manifest.lock */ = {
			isa = PBXShellScriptBuildPhase;
			buildActionMask = 2147483647;
			files = (
			);
			inputFileListPaths = (
			);
			inputPaths = (
				"${PODS_PODFILE_DIR_PATH}/Podfile.lock",
				"${PODS_ROOT}/Manifest.lock",
			);
			name = "[CP] Check Pods Manifest.lock";
			outputFileListPaths = (
			);
			outputPaths = (
				"$(DERIVED_FILE_DIR)/Pods-EUILayoutDemoUITests-checkManifestLockResult.txt",
			);
			runOnlyForDeploymentPostprocessing = 0;
			shellPath = /bin/sh;
			shellScript = "diff \"${PODS_PODFILE_DIR_PATH}/Podfile.lock\" \"${PODS_ROOT}/Manifest.lock\" > /dev/null\nif [ $? != 0 ] ; then\n    # print error to STDERR\n    echo \"error: The sandbox is not in sync with the Podfile.lock. Run 'pod install' or update your CocoaPods installation.\" >&2\n    exit 1\nfi\n# This output is used by Xcode 'outputs' to avoid re-running this script phase.\necho \"SUCCESS\" > \"${SCRIPT_OUTPUT_FILE_0}\"\n";
			showEnvVarsInLog = 0;
		};
/* End PBXShellScriptBuildPhase section */

/* Begin PBXSourcesBuildPhase section */
		D57CFCBC215A08DA002D137F /* Sources */ = {
			isa = PBXSourcesBuildPhase;
			buildActionMask = 2147483647;
			files = (
				D57CFCC8215A08DA002D137F /* ViewController.m in Sources */,
				D57CFCD3215A08DB002D137F /* main.m in Sources */,
				D57CFCC5215A08DA002D137F /* AppDelegate.m in Sources */,
			);
			runOnlyForDeploymentPostprocessing = 0;
		};
		D57CFCD4215A08DB002D137F /* Sources */ = {
			isa = PBXSourcesBuildPhase;
			buildActionMask = 2147483647;
			files = (
				D57CFCDD215A08DB002D137F /* EUILayoutDemoTests.m in Sources */,
			);
			runOnlyForDeploymentPostprocessing = 0;
		};
		D57CFCDF215A08DB002D137F /* Sources */ = {
			isa = PBXSourcesBuildPhase;
			buildActionMask = 2147483647;
			files = (
				D57CFCE8215A08DB002D137F /* EUILayoutDemoUITests.m in Sources */,
			);
			runOnlyForDeploymentPostprocessing = 0;
		};
/* End PBXSourcesBuildPhase section */

/* Begin PBXTargetDependency section */
		D57CFCDA215A08DB002D137F /* PBXTargetDependency */ = {
			isa = PBXTargetDependency;
			target = D57CFCBF215A08DA002D137F /* EUILayoutDemo */;
			targetProxy = D57CFCD9215A08DB002D137F /* PBXContainerItemProxy */;
		};
		D57CFCE5215A08DB002D137F /* PBXTargetDependency */ = {
			isa = PBXTargetDependency;
			target = D57CFCBF215A08DA002D137F /* EUILayoutDemo */;
			targetProxy = D57CFCE4215A08DB002D137F /* PBXContainerItemProxy */;
		};
/* End PBXTargetDependency section */

/* Begin PBXVariantGroup section */
		D57CFCC9215A08DA002D137F /* Main.storyboard */ = {
			isa = PBXVariantGroup;
			children = (
				D57CFCCA215A08DA002D137F /* Base */,
			);
			name = Main.storyboard;
			sourceTree = "<group>";
		};
		D57CFCCE215A08DB002D137F /* LaunchScreen.storyboard */ = {
			isa = PBXVariantGroup;
			children = (
				D57CFCCF215A08DB002D137F /* Base */,
			);
			name = LaunchScreen.storyboard;
			sourceTree = "<group>";
		};
/* End PBXVariantGroup section */

/* Begin XCBuildConfiguration section */
		D57CFCEA215A08DB002D137F /* Debug */ = {
			isa = XCBuildConfiguration;
			buildSettings = {
				ALWAYS_SEARCH_USER_PATHS = NO;
				CLANG_ANALYZER_NONNULL = YES;
				CLANG_ANALYZER_NUMBER_OBJECT_CONVERSION = YES_AGGRESSIVE;
				CLANG_CXX_LANGUAGE_STANDARD = "gnu++14";
				CLANG_CXX_LIBRARY = "libc++";
				CLANG_ENABLE_MODULES = YES;
				CLANG_ENABLE_OBJC_ARC = YES;
				CLANG_ENABLE_OBJC_WEAK = YES;
				CLANG_WARN_BLOCK_CAPTURE_AUTORELEASING = YES;
				CLANG_WARN_BOOL_CONVERSION = YES;
				CLANG_WARN_COMMA = YES;
				CLANG_WARN_CONSTANT_CONVERSION = YES;
				CLANG_WARN_DEPRECATED_OBJC_IMPLEMENTATIONS = YES;
				CLANG_WARN_DIRECT_OBJC_ISA_USAGE = YES_ERROR;
				CLANG_WARN_DOCUMENTATION_COMMENTS = YES;
				CLANG_WARN_EMPTY_BODY = YES;
				CLANG_WARN_ENUM_CONVERSION = YES;
				CLANG_WARN_INFINITE_RECURSION = YES;
				CLANG_WARN_INT_CONVERSION = YES;
				CLANG_WARN_NON_LITERAL_NULL_CONVERSION = YES;
				CLANG_WARN_OBJC_IMPLICIT_RETAIN_SELF = YES;
				CLANG_WARN_OBJC_LITERAL_CONVERSION = YES;
				CLANG_WARN_OBJC_ROOT_CLASS = YES_ERROR;
				CLANG_WARN_RANGE_LOOP_ANALYSIS = YES;
				CLANG_WARN_STRICT_PROTOTYPES = YES;
				CLANG_WARN_SUSPICIOUS_MOVE = YES;
				CLANG_WARN_UNGUARDED_AVAILABILITY = YES_AGGRESSIVE;
				CLANG_WARN_UNREACHABLE_CODE = YES;
				CLANG_WARN__DUPLICATE_METHOD_MATCH = YES;
				CODE_SIGN_IDENTITY = "iPhone Developer";
				COPY_PHASE_STRIP = NO;
				DEBUG_INFORMATION_FORMAT = dwarf;
				ENABLE_STRICT_OBJC_MSGSEND = YES;
				ENABLE_TESTABILITY = YES;
				GCC_C_LANGUAGE_STANDARD = gnu11;
				GCC_DYNAMIC_NO_PIC = NO;
				GCC_NO_COMMON_BLOCKS = YES;
				GCC_OPTIMIZATION_LEVEL = 0;
				GCC_PREPROCESSOR_DEFINITIONS = (
					"DEBUG=1",
					"$(inherited)",
				);
				GCC_WARN_64_TO_32_BIT_CONVERSION = YES;
				GCC_WARN_ABOUT_RETURN_TYPE = YES_ERROR;
				GCC_WARN_UNDECLARED_SELECTOR = YES;
				GCC_WARN_UNINITIALIZED_AUTOS = YES_AGGRESSIVE;
				GCC_WARN_UNUSED_FUNCTION = YES;
				GCC_WARN_UNUSED_VARIABLE = YES;
				IPHONEOS_DEPLOYMENT_TARGET = 11.4;
				MTL_ENABLE_DEBUG_INFO = YES;
				ONLY_ACTIVE_ARCH = YES;
				SDKROOT = iphoneos;
			};
			name = Debug;
		};
		D57CFCEB215A08DB002D137F /* Release */ = {
			isa = XCBuildConfiguration;
			buildSettings = {
				ALWAYS_SEARCH_USER_PATHS = NO;
				CLANG_ANALYZER_NONNULL = YES;
				CLANG_ANALYZER_NUMBER_OBJECT_CONVERSION = YES_AGGRESSIVE;
				CLANG_CXX_LANGUAGE_STANDARD = "gnu++14";
				CLANG_CXX_LIBRARY = "libc++";
				CLANG_ENABLE_MODULES = YES;
				CLANG_ENABLE_OBJC_ARC = YES;
				CLANG_ENABLE_OBJC_WEAK = YES;
				CLANG_WARN_BLOCK_CAPTURE_AUTORELEASING = YES;
				CLANG_WARN_BOOL_CONVERSION = YES;
				CLANG_WARN_COMMA = YES;
				CLANG_WARN_CONSTANT_CONVERSION = YES;
				CLANG_WARN_DEPRECATED_OBJC_IMPLEMENTATIONS = YES;
				CLANG_WARN_DIRECT_OBJC_ISA_USAGE = YES_ERROR;
				CLANG_WARN_DOCUMENTATION_COMMENTS = YES;
				CLANG_WARN_EMPTY_BODY = YES;
				CLANG_WARN_ENUM_CONVERSION = YES;
				CLANG_WARN_INFINITE_RECURSION = YES;
				CLANG_WARN_INT_CONVERSION = YES;
				CLANG_WARN_NON_LITERAL_NULL_CONVERSION = YES;
				CLANG_WARN_OBJC_IMPLICIT_RETAIN_SELF = YES;
				CLANG_WARN_OBJC_LITERAL_CONVERSION = YES;
				CLANG_WARN_OBJC_ROOT_CLASS = YES_ERROR;
				CLANG_WARN_RANGE_LOOP_ANALYSIS = YES;
				CLANG_WARN_STRICT_PROTOTYPES = YES;
				CLANG_WARN_SUSPICIOUS_MOVE = YES;
				CLANG_WARN_UNGUARDED_AVAILABILITY = YES_AGGRESSIVE;
				CLANG_WARN_UNREACHABLE_CODE = YES;
				CLANG_WARN__DUPLICATE_METHOD_MATCH = YES;
				CODE_SIGN_IDENTITY = "iPhone Developer";
				COPY_PHASE_STRIP = NO;
				DEBUG_INFORMATION_FORMAT = "dwarf-with-dsym";
				ENABLE_NS_ASSERTIONS = NO;
				ENABLE_STRICT_OBJC_MSGSEND = YES;
				GCC_C_LANGUAGE_STANDARD = gnu11;
				GCC_NO_COMMON_BLOCKS = YES;
				GCC_WARN_64_TO_32_BIT_CONVERSION = YES;
				GCC_WARN_ABOUT_RETURN_TYPE = YES_ERROR;
				GCC_WARN_UNDECLARED_SELECTOR = YES;
				GCC_WARN_UNINITIALIZED_AUTOS = YES_AGGRESSIVE;
				GCC_WARN_UNUSED_FUNCTION = YES;
				GCC_WARN_UNUSED_VARIABLE = YES;
				IPHONEOS_DEPLOYMENT_TARGET = 11.4;
				MTL_ENABLE_DEBUG_INFO = NO;
				SDKROOT = iphoneos;
				VALIDATE_PRODUCT = YES;
			};
			name = Release;
		};
		D57CFCED215A08DB002D137F /* Debug */ = {
			isa = XCBuildConfiguration;
			baseConfigurationReference = 7DC1EDA8C45F3D400229B33B /* Pods-EUILayoutDemo.debug.xcconfig */;
			buildSettings = {
				ASSETCATALOG_COMPILER_APPICON_NAME = AppIcon;
				CODE_SIGN_STYLE = Automatic;
				INFOPLIST_FILE = EUILayoutDemo/Info.plist;
				LD_RUNPATH_SEARCH_PATHS = (
					"$(inherited)",
					"@executable_path/Frameworks",
				);
				PRODUCT_BUNDLE_IDENTIFIER = com.didichuxing.EUILayout.EUILayoutDemo;
				PRODUCT_NAME = "$(TARGET_NAME)";
				TARGETED_DEVICE_FAMILY = "1,2";
			};
			name = Debug;
		};
		D57CFCEE215A08DB002D137F /* Release */ = {
			isa = XCBuildConfiguration;
			baseConfigurationReference = AEEDAD7ECA1C639AE61742CF /* Pods-EUILayoutDemo.release.xcconfig */;
			buildSettings = {
				ASSETCATALOG_COMPILER_APPICON_NAME = AppIcon;
				CODE_SIGN_STYLE = Automatic;
				INFOPLIST_FILE = EUILayoutDemo/Info.plist;
				LD_RUNPATH_SEARCH_PATHS = (
					"$(inherited)",
					"@executable_path/Frameworks",
				);
				PRODUCT_BUNDLE_IDENTIFIER = com.didichuxing.EUILayout.EUILayoutDemo;
				PRODUCT_NAME = "$(TARGET_NAME)";
				TARGETED_DEVICE_FAMILY = "1,2";
			};
			name = Release;
		};
		D57CFCF0215A08DB002D137F /* Debug */ = {
			isa = XCBuildConfiguration;
			baseConfigurationReference = D51E7B1AAA716A5C15048894 /* Pods-EUILayoutDemoTests.debug.xcconfig */;
			buildSettings = {
				BUNDLE_LOADER = "$(TEST_HOST)";
				CODE_SIGN_STYLE = Automatic;
				INFOPLIST_FILE = EUILayoutDemoTests/Info.plist;
				LD_RUNPATH_SEARCH_PATHS = (
					"$(inherited)",
					"@executable_path/Frameworks",
					"@loader_path/Frameworks",
				);
				PRODUCT_BUNDLE_IDENTIFIER = com.didichuxing.EUILayout.EUILayoutDemoTests;
				PRODUCT_NAME = "$(TARGET_NAME)";
				TARGETED_DEVICE_FAMILY = "1,2";
				TEST_HOST = "$(BUILT_PRODUCTS_DIR)/EUILayoutDemo.app/EUILayoutDemo";
			};
			name = Debug;
		};
		D57CFCF1215A08DB002D137F /* Release */ = {
			isa = XCBuildConfiguration;
			baseConfigurationReference = 3F2C45FA3A9BFA48801D32A6 /* Pods-EUILayoutDemoTests.release.xcconfig */;
			buildSettings = {
				BUNDLE_LOADER = "$(TEST_HOST)";
				CODE_SIGN_STYLE = Automatic;
				INFOPLIST_FILE = EUILayoutDemoTests/Info.plist;
				LD_RUNPATH_SEARCH_PATHS = (
					"$(inherited)",
					"@executable_path/Frameworks",
					"@loader_path/Frameworks",
				);
				PRODUCT_BUNDLE_IDENTIFIER = com.didichuxing.EUILayout.EUILayoutDemoTests;
				PRODUCT_NAME = "$(TARGET_NAME)";
				TARGETED_DEVICE_FAMILY = "1,2";
				TEST_HOST = "$(BUILT_PRODUCTS_DIR)/EUILayoutDemo.app/EUILayoutDemo";
			};
			name = Release;
		};
		D57CFCF3215A08DB002D137F /* Debug */ = {
			isa = XCBuildConfiguration;
			baseConfigurationReference = AD92E2E40A0AEABBC8C7212D /* Pods-EUILayoutDemoUITests.debug.xcconfig */;
			buildSettings = {
				CODE_SIGN_STYLE = Automatic;
				INFOPLIST_FILE = EUILayoutDemoUITests/Info.plist;
				LD_RUNPATH_SEARCH_PATHS = (
					"$(inherited)",
					"@executable_path/Frameworks",
					"@loader_path/Frameworks",
				);
				PRODUCT_BUNDLE_IDENTIFIER = com.didichuxing.EUILayout.EUILayoutDemoUITests;
				PRODUCT_NAME = "$(TARGET_NAME)";
				TARGETED_DEVICE_FAMILY = "1,2";
				TEST_TARGET_NAME = EUILayoutDemo;
			};
			name = Debug;
		};
		D57CFCF4215A08DB002D137F /* Release */ = {
			isa = XCBuildConfiguration;
			baseConfigurationReference = 036D07C726659EB59FC3B5BC /* Pods-EUILayoutDemoUITests.release.xcconfig */;
			buildSettings = {
				CODE_SIGN_STYLE = Automatic;
				INFOPLIST_FILE = EUILayoutDemoUITests/Info.plist;
				LD_RUNPATH_SEARCH_PATHS = (
					"$(inherited)",
					"@executable_path/Frameworks",
					"@loader_path/Frameworks",
				);
				PRODUCT_BUNDLE_IDENTIFIER = com.didichuxing.EUILayout.EUILayoutDemoUITests;
				PRODUCT_NAME = "$(TARGET_NAME)";
				TARGETED_DEVICE_FAMILY = "1,2";
				TEST_TARGET_NAME = EUILayoutDemo;
			};
			name = Release;
		};
/* End XCBuildConfiguration section */

/* Begin XCConfigurationList section */
		D57CFCBB215A08DA002D137F /* Build configuration list for PBXProject "EUILayoutDemo" */ = {
			isa = XCConfigurationList;
			buildConfigurations = (
				D57CFCEA215A08DB002D137F /* Debug */,
				D57CFCEB215A08DB002D137F /* Release */,
			);
			defaultConfigurationIsVisible = 0;
			defaultConfigurationName = Release;
		};
		D57CFCEC215A08DB002D137F /* Build configuration list for PBXNativeTarget "EUILayoutDemo" */ = {
			isa = XCConfigurationList;
			buildConfigurations = (
				D57CFCED215A08DB002D137F /* Debug */,
				D57CFCEE215A08DB002D137F /* Release */,
			);
			defaultConfigurationIsVisible = 0;
			defaultConfigurationName = Release;
		};
		D57CFCEF215A08DB002D137F /* Build configuration list for PBXNativeTarget "EUILayoutDemoTests" */ = {
			isa = XCConfigurationList;
			buildConfigurations = (
				D57CFCF0215A08DB002D137F /* Debug */,
				D57CFCF1215A08DB002D137F /* Release */,
			);
			defaultConfigurationIsVisible = 0;
			defaultConfigurationName = Release;
		};
		D57CFCF2215A08DB002D137F /* Build configuration list for PBXNativeTarget "EUILayoutDemoUITests" */ = {
			isa = XCConfigurationList;
			buildConfigurations = (
				D57CFCF3215A08DB002D137F /* Debug */,
				D57CFCF4215A08DB002D137F /* Release */,
			);
			defaultConfigurationIsVisible = 0;
			defaultConfigurationName = Release;
		};
/* End XCConfigurationList section */
	};
	rootObject = D57CFCB8215A08DA002D137F /* Project object */;
}
